
Microsoft Visual Studio Solution File, Format Version 12.00
# Visual Studio Version 17
VisualStudioVersion = 17.3.32819.101
MinimumVisualStudioVersion = 10.0.40219.1
Project("{2150E333-8FDC-42A3-9474-1A3956D46DE8}") = "Solution Items", "Solution Items", "{A710E28D-C6F8-417B-B6E0-6772426B65F9}"
	ProjectSection(SolutionItems) = preProject
		readme.md = readme.md
	EndProjectSection
EndProject
Project("{9A19103F-16F7-4668-BE54-9A1E7A4F7556}") = "Versioning", "Versioning\Versioning.csproj", "{18A4580F-6FF2-471A-A799-8E61E7A30228}"
EndProject
Project("{FAE04EC0-301F-11D3-BF4B-00C04F79EFBC}") = "DataGridViewCombo1", "DataGridViewCombo\DataGridViewCombo1.csproj", "{585DF517-D420-41C0-AA75-7FCB7C69B167}"
EndProject
Project("{9A19103F-16F7-4668-BE54-9A1E7A4F7556}") = "WinFormHelpers", "WinFormHelpers\WinFormHelpers.csproj", "{BA7087EA-9711-4755-826F-F139BC81CA5B}"
EndProject
Project("{2150E333-8FDC-42A3-9474-1A3956D46DE8}") = "BindingSource code", "BindingSource code", "{A71487FA-F38C-403B-B1BF-C1C78AAD3E72}"
EndProject
Project("{9A19103F-16F7-4668-BE54-9A1E7A4F7556}") = "BindingSourceFiltering", "BindingSourceFiltering\BindingSourceFiltering.csproj", "{CE13A4BC-AE92-4643-BEE5-3877274EE3EC}"
EndProject
Project("{2150E333-8FDC-42A3-9474-1A3956D46DE8}") = "Class projects", "Class projects", "{62C900E5-9EAC-4B52-81C5-D9B1A217105B}"
EndProject
Project("{9A19103F-16F7-4668-BE54-9A1E7A4F7556}") = "AsyncSimple", "AsyncSimple\AsyncSimple.csproj", "{D6E25CB0-238D-41AE-98CA-3F59593B6886}"
EndProject
Project("{9A19103F-16F7-4668-BE54-9A1E7A4F7556}") = "WindowsFormsLibrary", "WindowsFormsLibrary\WindowsFormsLibrary.csproj", "{3A15C0BC-0D19-46BC-B36C-E689A912ED4A}"
EndProject
Project("{9A19103F-16F7-4668-BE54-9A1E7A4F7556}") = "SqlServerAsyncReadCore", "SqlServerAsyncReadCore\SqlServerAsyncReadCore.csproj", "{012E994E-28E7-49FF-B9D5-266E5D225941}"
EndProject
Project("{FAE04EC0-301F-11D3-BF4B-00C04F79EFBC}") = "DataAdapterFormApp", "DataAdapterFormApp\DataAdapterFormApp.csproj", "{E6B90F50-9132-441F-8BFC-71CE6DE7AA4B}"
EndProject
Project("{9A19103F-16F7-4668-BE54-9A1E7A4F7556}") = "ConsoleHelperLibrary", "ConsoleHelperLibrary\ConsoleHelperLibrary.csproj", "{74BD9A60-1AB4-433E-9A3D-032E0FF0D70E}"
EndProject
Project("{9A19103F-16F7-4668-BE54-9A1E7A4F7556}") = "PathLibrary", "PathLibrary\PathLibrary.csproj", "{6267BF35-F0F9-4CCC-86B9-BE26157DF6FC}"
EndProject
Project("{9A19103F-16F7-4668-BE54-9A1E7A4F7556}") = "PathLibraryConsoleApp", "PathLibraryConsoleApp\PathLibraryConsoleApp.csproj", "{05B8AF58-147E-4FC3-A2A1-6F9586F60870}"
EndProject
Project("{FAE04EC0-301F-11D3-BF4B-00C04F79EFBC}") = "CheckedListBoxLastChecked", "CheckedListBoxLastChecked\CheckedListBoxLastChecked.csproj", "{28C5144B-A7ED-41B1-ADC2-772EB0D7E8C9}"
EndProject
Project("{9A19103F-16F7-4668-BE54-9A1E7A4F7556}") = "LoopThroughFile", "LoopThroughFile\LoopThroughFile.csproj", "{1A48E157-10C2-4DE1-B9F7-A82B0DC769FD}"
EndProject
Project("{9A19103F-16F7-4668-BE54-9A1E7A4F7556}") = "WinFormsApp1", "WinFormsApp1\WinFormsApp1.csproj", "{EFEF620B-BA92-46C3-8653-808574532468}"
EndProject
Project("{9A19103F-16F7-4668-BE54-9A1E7A4F7556}") = "EnumDescriptions", "EnumDescriptions\EnumDescriptions.csproj", "{47E792B0-4040-4658-A93D-83201C219434}"
EndProject
Project("{9A19103F-16F7-4668-BE54-9A1E7A4F7556}") = "SqlkataWinFormsApp", "SqlkataWinFormsApp\SqlkataWinFormsApp.csproj", "{EE2D7B0E-798B-428C-B716-1042F2222FFD}"
EndProject
Project("{9A19103F-16F7-4668-BE54-9A1E7A4F7556}") = "FluentEmailDemo", "Project1\FluentEmailDemo.csproj", "{6B7BF2C8-40D0-48E8-9DA8-BA230B4B891D}"
EndProject
Project("{9A19103F-16F7-4668-BE54-9A1E7A4F7556}") = "WinFormsApp2", "WinFormsApp2\WinFormsApp2.csproj", "{40399A10-D1DB-4BA8-B3D8-E733FF808D17}"
EndProject
Project("{9A19103F-16F7-4668-BE54-9A1E7A4F7556}") = "RangeForEach", "RangeForEach\RangeForEach.csproj", "{522E4CD8-5680-4306-9DC6-4D26F388A775}"
EndProject
Project("{9A19103F-16F7-4668-BE54-9A1E7A4F7556}") = "ConsoleApp1", "ConsoleApp1\ConsoleApp1.csproj", "{4C61D4F0-DEE1-47A5-BD48-9A0E9A40974B}"
EndProject
Project("{2150E333-8FDC-42A3-9474-1A3956D46DE8}") = "XML", "XML", "{7C3E849A-984B-44B9-9FF2-A3DB1B0F047E}"
EndProject
Project("{9A19103F-16F7-4668-BE54-9A1E7A4F7556}") = "KP_ConsoleAppXml", "KP_ConsoleAppXml\KP_ConsoleAppXml.csproj", "{61D6C235-D7B4-46C2-BF69-7C96E842321A}"
EndProject
Project("{9A19103F-16F7-4668-BE54-9A1E7A4F7556}") = "KP_ConsoleAppJokes", "KP_ConsoleAppJokes\KP_ConsoleAppJokes.csproj", "{9F24EBCE-DD8A-44F0-975B-6B287A077E3B}"
EndProject
Project("{9A19103F-16F7-4668-BE54-9A1E7A4F7556}") = "EFCoreGroupByConsoleApp", "EFCoreGroupyConsoleApp\EFCoreGroupByConsoleApp.csproj", "{4399B36F-DB09-4CA8-A82D-5A0983CC93E0}"
EndProject
Project("{9A19103F-16F7-4668-BE54-9A1E7A4F7556}") = "DatabaseSettingsLibrary", "DatabaseSettingsLibrary\DatabaseSettingsLibrary.csproj", "{3E34DFE1-7976-43ED-9D3E-00CDC4856DA5}"
EndProject
Project("{2150E333-8FDC-42A3-9474-1A3956D46DE8}") = "csharp 11", "csharp 11", "{0CB6F47D-3219-4030-98DC-002C2956E838}"
EndProject
Project("{9A19103F-16F7-4668-BE54-9A1E7A4F7556}") = "ConsoleWorkingWithCsharp11", "ConsoleWorkingWithCsharp11\ConsoleWorkingWithCsharp11.csproj", "{2834CFFB-5494-4F14-8739-FB7D34AB9813}"
EndProject
Project("{FAE04EC0-301F-11D3-BF4B-00C04F79EFBC}") = "SqlServerLibrary", "SqlServerLibrary\SqlServerLibrary.csproj", "{F32E1B36-FD11-4E12-B463-064AB5A18825}"
EndProject
Project("{FAE04EC0-301F-11D3-BF4B-00C04F79EFBC}") = "SqlServerAsyncRead", "SqlServerAsyncRead\SqlServerAsyncRead.csproj", "{E883E0CE-608F-4362-A01A-446CAD294B5E}"
EndProject
Project("{9A19103F-16F7-4668-BE54-9A1E7A4F7556}") = "SqlServerLoop", "SqlServerLoop\SqlServerLoop.csproj", "{3FFA32C6-1D16-4545-9CDF-91AE481EE336}"
EndProject
Project("{9A19103F-16F7-4668-BE54-9A1E7A4F7556}") = "ConfigurationFormSample", "ConfigurationFormSample\ConfigurationFormSample.csproj", "{09501EC6-8488-4007-B0DD-F63721776542}"
EndProject
Project("{9A19103F-16F7-4668-BE54-9A1E7A4F7556}") = "HidePathInExceptions", "ConsoleApp2\HidePathInExceptions.csproj", "{66D24909-9D92-43A4-93D7-D7320A68F5E5}"
EndProject
Project("{9A19103F-16F7-4668-BE54-9A1E7A4F7556}") = "EnumComparisionApp", "EnumComparisionApp\EnumComparisionApp.csproj", "{E7400767-72CF-4757-B85E-4F3015782683}"
EndProject
Project("{9A19103F-16F7-4668-BE54-9A1E7A4F7556}") = "CountCharactersApp", "CountCharactersApp\CountCharactersApp.csproj", "{7EE50809-38AE-420A-8A37-424F0F5DD635}"
EndProject
Project("{FAE04EC0-301F-11D3-BF4B-00C04F79EFBC}") = "DataGridViewCheckBoxApp", "DataGridViewCheckBoxApp\DataGridViewCheckBoxApp.csproj", "{2B88E2B9-4DF7-4289-8585-0B5A46CD6B48}"
EndProject
Project("{9A19103F-16F7-4668-BE54-9A1E7A4F7556}") = "BindingListLibrary", "BindingListLibrary\BindingListLibrary.csproj", "{110465AC-20F5-4A06-A174-2CAED396E558}"
EndProject
Project("{FAE04EC0-301F-11D3-BF4B-00C04F79EFBC}") = "TaskDialogAutoCloseApp", "TaskDialogAutoCloseApp\TaskDialogAutoCloseApp.csproj", "{CC96DD6C-5A4F-4CBC-A925-042E4DF37155}"
EndProject
Global
	GlobalSection(SolutionConfigurationPlatforms) = preSolution
		Debug|Any CPU = Debug|Any CPU
		Release|Any CPU = Release|Any CPU
	EndGlobalSection
	GlobalSection(ProjectConfigurationPlatforms) = postSolution
		{18A4580F-6FF2-471A-A799-8E61E7A30228}.Debug|Any CPU.ActiveCfg = Debug|Any CPU
		{18A4580F-6FF2-471A-A799-8E61E7A30228}.Debug|Any CPU.Build.0 = Debug|Any CPU
		{18A4580F-6FF2-471A-A799-8E61E7A30228}.Release|Any CPU.ActiveCfg = Release|Any CPU
		{18A4580F-6FF2-471A-A799-8E61E7A30228}.Release|Any CPU.Build.0 = Release|Any CPU
		{585DF517-D420-41C0-AA75-7FCB7C69B167}.Debug|Any CPU.ActiveCfg = Debug|Any CPU
		{585DF517-D420-41C0-AA75-7FCB7C69B167}.Debug|Any CPU.Build.0 = Debug|Any CPU
		{585DF517-D420-41C0-AA75-7FCB7C69B167}.Release|Any CPU.ActiveCfg = Release|Any CPU
		{585DF517-D420-41C0-AA75-7FCB7C69B167}.Release|Any CPU.Build.0 = Release|Any CPU
		{BA7087EA-9711-4755-826F-F139BC81CA5B}.Debug|Any CPU.ActiveCfg = Debug|Any CPU
		{BA7087EA-9711-4755-826F-F139BC81CA5B}.Debug|Any CPU.Build.0 = Debug|Any CPU
		{BA7087EA-9711-4755-826F-F139BC81CA5B}.Release|Any CPU.ActiveCfg = Release|Any CPU
		{BA7087EA-9711-4755-826F-F139BC81CA5B}.Release|Any CPU.Build.0 = Release|Any CPU
		{CE13A4BC-AE92-4643-BEE5-3877274EE3EC}.Debug|Any CPU.ActiveCfg = Debug|Any CPU
		{CE13A4BC-AE92-4643-BEE5-3877274EE3EC}.Debug|Any CPU.Build.0 = Debug|Any CPU
		{CE13A4BC-AE92-4643-BEE5-3877274EE3EC}.Release|Any CPU.ActiveCfg = Release|Any CPU
		{CE13A4BC-AE92-4643-BEE5-3877274EE3EC}.Release|Any CPU.Build.0 = Release|Any CPU
		{D6E25CB0-238D-41AE-98CA-3F59593B6886}.Debug|Any CPU.ActiveCfg = Debug|Any CPU
		{D6E25CB0-238D-41AE-98CA-3F59593B6886}.Debug|Any CPU.Build.0 = Debug|Any CPU
		{D6E25CB0-238D-41AE-98CA-3F59593B6886}.Release|Any CPU.ActiveCfg = Release|Any CPU
		{D6E25CB0-238D-41AE-98CA-3F59593B6886}.Release|Any CPU.Build.0 = Release|Any CPU
		{3A15C0BC-0D19-46BC-B36C-E689A912ED4A}.Debug|Any CPU.ActiveCfg = Debug|Any CPU
		{3A15C0BC-0D19-46BC-B36C-E689A912ED4A}.Debug|Any CPU.Build.0 = Debug|Any CPU
		{3A15C0BC-0D19-46BC-B36C-E689A912ED4A}.Release|Any CPU.ActiveCfg = Release|Any CPU
		{3A15C0BC-0D19-46BC-B36C-E689A912ED4A}.Release|Any CPU.Build.0 = Release|Any CPU
		{012E994E-28E7-49FF-B9D5-266E5D225941}.Debug|Any CPU.ActiveCfg = Debug|Any CPU
		{012E994E-28E7-49FF-B9D5-266E5D225941}.Debug|Any CPU.Build.0 = Debug|Any CPU
		{012E994E-28E7-49FF-B9D5-266E5D225941}.Release|Any CPU.ActiveCfg = Release|Any CPU
		{012E994E-28E7-49FF-B9D5-266E5D225941}.Release|Any CPU.Build.0 = Release|Any CPU
		{E6B90F50-9132-441F-8BFC-71CE6DE7AA4B}.Debug|Any CPU.ActiveCfg = Debug|Any CPU
		{E6B90F50-9132-441F-8BFC-71CE6DE7AA4B}.Debug|Any CPU.Build.0 = Debug|Any CPU
		{E6B90F50-9132-441F-8BFC-71CE6DE7AA4B}.Release|Any CPU.ActiveCfg = Release|Any CPU
		{E6B90F50-9132-441F-8BFC-71CE6DE7AA4B}.Release|Any CPU.Build.0 = Release|Any CPU
		{74BD9A60-1AB4-433E-9A3D-032E0FF0D70E}.Debug|Any CPU.ActiveCfg = Debug|Any CPU
		{74BD9A60-1AB4-433E-9A3D-032E0FF0D70E}.Debug|Any CPU.Build.0 = Debug|Any CPU
		{74BD9A60-1AB4-433E-9A3D-032E0FF0D70E}.Release|Any CPU.ActiveCfg = Release|Any CPU
		{74BD9A60-1AB4-433E-9A3D-032E0FF0D70E}.Release|Any CPU.Build.0 = Release|Any CPU
		{6267BF35-F0F9-4CCC-86B9-BE26157DF6FC}.Debug|Any CPU.ActiveCfg = Debug|Any CPU
		{6267BF35-F0F9-4CCC-86B9-BE26157DF6FC}.Debug|Any CPU.Build.0 = Debug|Any CPU
		{6267BF35-F0F9-4CCC-86B9-BE26157DF6FC}.Release|Any CPU.ActiveCfg = Release|Any CPU
		{6267BF35-F0F9-4CCC-86B9-BE26157DF6FC}.Release|Any CPU.Build.0 = Release|Any CPU
		{05B8AF58-147E-4FC3-A2A1-6F9586F60870}.Debug|Any CPU.ActiveCfg = Debug|Any CPU
		{05B8AF58-147E-4FC3-A2A1-6F9586F60870}.Debug|Any CPU.Build.0 = Debug|Any CPU
		{05B8AF58-147E-4FC3-A2A1-6F9586F60870}.Release|Any CPU.ActiveCfg = Release|Any CPU
		{05B8AF58-147E-4FC3-A2A1-6F9586F60870}.Release|Any CPU.Build.0 = Release|Any CPU
		{28C5144B-A7ED-41B1-ADC2-772EB0D7E8C9}.Debug|Any CPU.ActiveCfg = Debug|Any CPU
		{28C5144B-A7ED-41B1-ADC2-772EB0D7E8C9}.Debug|Any CPU.Build.0 = Debug|Any CPU
		{28C5144B-A7ED-41B1-ADC2-772EB0D7E8C9}.Release|Any CPU.ActiveCfg = Release|Any CPU
		{28C5144B-A7ED-41B1-ADC2-772EB0D7E8C9}.Release|Any CPU.Build.0 = Release|Any CPU
		{1A48E157-10C2-4DE1-B9F7-A82B0DC769FD}.Debug|Any CPU.ActiveCfg = Debug|Any CPU
		{1A48E157-10C2-4DE1-B9F7-A82B0DC769FD}.Debug|Any CPU.Build.0 = Debug|Any CPU
		{1A48E157-10C2-4DE1-B9F7-A82B0DC769FD}.Release|Any CPU.ActiveCfg = Release|Any CPU
		{1A48E157-10C2-4DE1-B9F7-A82B0DC769FD}.Release|Any CPU.Build.0 = Release|Any CPU
		{EFEF620B-BA92-46C3-8653-808574532468}.Debug|Any CPU.ActiveCfg = Debug|Any CPU
		{EFEF620B-BA92-46C3-8653-808574532468}.Debug|Any CPU.Build.0 = Debug|Any CPU
		{EFEF620B-BA92-46C3-8653-808574532468}.Release|Any CPU.ActiveCfg = Release|Any CPU
		{EFEF620B-BA92-46C3-8653-808574532468}.Release|Any CPU.Build.0 = Release|Any CPU
		{47E792B0-4040-4658-A93D-83201C219434}.Debug|Any CPU.ActiveCfg = Debug|Any CPU
		{47E792B0-4040-4658-A93D-83201C219434}.Debug|Any CPU.Build.0 = Debug|Any CPU
		{47E792B0-4040-4658-A93D-83201C219434}.Release|Any CPU.ActiveCfg = Release|Any CPU
		{47E792B0-4040-4658-A93D-83201C219434}.Release|Any CPU.Build.0 = Release|Any CPU
		{EE2D7B0E-798B-428C-B716-1042F2222FFD}.Debug|Any CPU.ActiveCfg = Debug|Any CPU
		{EE2D7B0E-798B-428C-B716-1042F2222FFD}.Debug|Any CPU.Build.0 = Debug|Any CPU
		{EE2D7B0E-798B-428C-B716-1042F2222FFD}.Release|Any CPU.ActiveCfg = Release|Any CPU
		{EE2D7B0E-798B-428C-B716-1042F2222FFD}.Release|Any CPU.Build.0 = Release|Any CPU
		{6B7BF2C8-40D0-48E8-9DA8-BA230B4B891D}.Debug|Any CPU.ActiveCfg = Debug|Any CPU
		{6B7BF2C8-40D0-48E8-9DA8-BA230B4B891D}.Debug|Any CPU.Build.0 = Debug|Any CPU
		{6B7BF2C8-40D0-48E8-9DA8-BA230B4B891D}.Release|Any CPU.ActiveCfg = Release|Any CPU
		{6B7BF2C8-40D0-48E8-9DA8-BA230B4B891D}.Release|Any CPU.Build.0 = Release|Any CPU
		{40399A10-D1DB-4BA8-B3D8-E733FF808D17}.Debug|Any CPU.ActiveCfg = Debug|Any CPU
		{40399A10-D1DB-4BA8-B3D8-E733FF808D17}.Debug|Any CPU.Build.0 = Debug|Any CPU
		{40399A10-D1DB-4BA8-B3D8-E733FF808D17}.Release|Any CPU.ActiveCfg = Release|Any CPU
		{40399A10-D1DB-4BA8-B3D8-E733FF808D17}.Release|Any CPU.Build.0 = Release|Any CPU
		{522E4CD8-5680-4306-9DC6-4D26F388A775}.Debug|Any CPU.ActiveCfg = Debug|Any CPU
		{522E4CD8-5680-4306-9DC6-4D26F388A775}.Debug|Any CPU.Build.0 = Debug|Any CPU
		{522E4CD8-5680-4306-9DC6-4D26F388A775}.Release|Any CPU.ActiveCfg = Release|Any CPU
		{522E4CD8-5680-4306-9DC6-4D26F388A775}.Release|Any CPU.Build.0 = Release|Any CPU
		{4C61D4F0-DEE1-47A5-BD48-9A0E9A40974B}.Debug|Any CPU.ActiveCfg = Debug|Any CPU
		{4C61D4F0-DEE1-47A5-BD48-9A0E9A40974B}.Debug|Any CPU.Build.0 = Debug|Any CPU
		{4C61D4F0-DEE1-47A5-BD48-9A0E9A40974B}.Release|Any CPU.ActiveCfg = Release|Any CPU
		{4C61D4F0-DEE1-47A5-BD48-9A0E9A40974B}.Release|Any CPU.Build.0 = Release|Any CPU
		{61D6C235-D7B4-46C2-BF69-7C96E842321A}.Debug|Any CPU.ActiveCfg = Debug|Any CPU
		{61D6C235-D7B4-46C2-BF69-7C96E842321A}.Debug|Any CPU.Build.0 = Debug|Any CPU
		{61D6C235-D7B4-46C2-BF69-7C96E842321A}.Release|Any CPU.ActiveCfg = Release|Any CPU
		{61D6C235-D7B4-46C2-BF69-7C96E842321A}.Release|Any CPU.Build.0 = Release|Any CPU
		{9F24EBCE-DD8A-44F0-975B-6B287A077E3B}.Debug|Any CPU.ActiveCfg = Debug|Any CPU
		{9F24EBCE-DD8A-44F0-975B-6B287A077E3B}.Debug|Any CPU.Build.0 = Debug|Any CPU
		{9F24EBCE-DD8A-44F0-975B-6B287A077E3B}.Release|Any CPU.ActiveCfg = Release|Any CPU
		{9F24EBCE-DD8A-44F0-975B-6B287A077E3B}.Release|Any CPU.Build.0 = Release|Any CPU
		{4399B36F-DB09-4CA8-A82D-5A0983CC93E0}.Debug|Any CPU.ActiveCfg = Debug|Any CPU
		{4399B36F-DB09-4CA8-A82D-5A0983CC93E0}.Debug|Any CPU.Build.0 = Debug|Any CPU
		{4399B36F-DB09-4CA8-A82D-5A0983CC93E0}.Release|Any CPU.ActiveCfg = Release|Any CPU
		{4399B36F-DB09-4CA8-A82D-5A0983CC93E0}.Release|Any CPU.Build.0 = Release|Any CPU
		{3E34DFE1-7976-43ED-9D3E-00CDC4856DA5}.Debug|Any CPU.ActiveCfg = Debug|Any CPU
		{3E34DFE1-7976-43ED-9D3E-00CDC4856DA5}.Debug|Any CPU.Build.0 = Debug|Any CPU
		{3E34DFE1-7976-43ED-9D3E-00CDC4856DA5}.Release|Any CPU.ActiveCfg = Release|Any CPU
		{3E34DFE1-7976-43ED-9D3E-00CDC4856DA5}.Release|Any CPU.Build.0 = Release|Any CPU
		{2834CFFB-5494-4F14-8739-FB7D34AB9813}.Debug|Any CPU.ActiveCfg = Debug|Any CPU
		{2834CFFB-5494-4F14-8739-FB7D34AB9813}.Debug|Any CPU.Build.0 = Debug|Any CPU
		{2834CFFB-5494-4F14-8739-FB7D34AB9813}.Release|Any CPU.ActiveCfg = Release|Any CPU
		{2834CFFB-5494-4F14-8739-FB7D34AB9813}.Release|Any CPU.Build.0 = Release|Any CPU
		{F32E1B36-FD11-4E12-B463-064AB5A18825}.Debug|Any CPU.ActiveCfg = Debug|Any CPU
		{F32E1B36-FD11-4E12-B463-064AB5A18825}.Debug|Any CPU.Build.0 = Debug|Any CPU
		{F32E1B36-FD11-4E12-B463-064AB5A18825}.Release|Any CPU.ActiveCfg = Release|Any CPU
		{F32E1B36-FD11-4E12-B463-064AB5A18825}.Release|Any CPU.Build.0 = Release|Any CPU
		{E883E0CE-608F-4362-A01A-446CAD294B5E}.Debug|Any CPU.ActiveCfg = Debug|Any CPU
		{E883E0CE-608F-4362-A01A-446CAD294B5E}.Debug|Any CPU.Build.0 = Debug|Any CPU
		{E883E0CE-608F-4362-A01A-446CAD294B5E}.Release|Any CPU.ActiveCfg = Release|Any CPU
		{E883E0CE-608F-4362-A01A-446CAD294B5E}.Release|Any CPU.Build.0 = Release|Any CPU
		{3FFA32C6-1D16-4545-9CDF-91AE481EE336}.Debug|Any CPU.ActiveCfg = Debug|Any CPU
		{3FFA32C6-1D16-4545-9CDF-91AE481EE336}.Debug|Any CPU.Build.0 = Debug|Any CPU
		{3FFA32C6-1D16-4545-9CDF-91AE481EE336}.Release|Any CPU.ActiveCfg = Release|Any CPU
		{3FFA32C6-1D16-4545-9CDF-91AE481EE336}.Release|Any CPU.Build.0 = Release|Any CPU
		{09501EC6-8488-4007-B0DD-F63721776542}.Debug|Any CPU.ActiveCfg = Debug|Any CPU
		{09501EC6-8488-4007-B0DD-F63721776542}.Debug|Any CPU.Build.0 = Debug|Any CPU
		{09501EC6-8488-4007-B0DD-F63721776542}.Release|Any CPU.ActiveCfg = Release|Any CPU
		{09501EC6-8488-4007-B0DD-F63721776542}.Release|Any CPU.Build.0 = Release|Any CPU
		{66D24909-9D92-43A4-93D7-D7320A68F5E5}.Debug|Any CPU.ActiveCfg = Debug|Any CPU
		{66D24909-9D92-43A4-93D7-D7320A68F5E5}.Debug|Any CPU.Build.0 = Debug|Any CPU
		{66D24909-9D92-43A4-93D7-D7320A68F5E5}.Release|Any CPU.ActiveCfg = Release|Any CPU
		{66D24909-9D92-43A4-93D7-D7320A68F5E5}.Release|Any CPU.Build.0 = Release|Any CPU
		{E7400767-72CF-4757-B85E-4F3015782683}.Debug|Any CPU.ActiveCfg = Debug|Any CPU
		{E7400767-72CF-4757-B85E-4F3015782683}.Debug|Any CPU.Build.0 = Debug|Any CPU
		{E7400767-72CF-4757-B85E-4F3015782683}.Release|Any CPU.ActiveCfg = Release|Any CPU
		{E7400767-72CF-4757-B85E-4F3015782683}.Release|Any CPU.Build.0 = Release|Any CPU
		{7EE50809-38AE-420A-8A37-424F0F5DD635}.Debug|Any CPU.ActiveCfg = Debug|Any CPU
		{7EE50809-38AE-420A-8A37-424F0F5DD635}.Debug|Any CPU.Build.0 = Debug|Any CPU
		{7EE50809-38AE-420A-8A37-424F0F5DD635}.Release|Any CPU.ActiveCfg = Release|Any CPU
		{7EE50809-38AE-420A-8A37-424F0F5DD635}.Release|Any CPU.Build.0 = Release|Any CPU
		{2B88E2B9-4DF7-4289-8585-0B5A46CD6B48}.Debug|Any CPU.ActiveCfg = Debug|Any CPU
		{2B88E2B9-4DF7-4289-8585-0B5A46CD6B48}.Debug|Any CPU.Build.0 = Debug|Any CPU
		{2B88E2B9-4DF7-4289-8585-0B5A46CD6B48}.Release|Any CPU.ActiveCfg = Release|Any CPU
		{2B88E2B9-4DF7-4289-8585-0B5A46CD6B48}.Release|Any CPU.Build.0 = Release|Any CPU
		{110465AC-20F5-4A06-A174-2CAED396E558}.Debug|Any CPU.ActiveCfg = Debug|Any CPU
		{110465AC-20F5-4A06-A174-2CAED396E558}.Debug|Any CPU.Build.0 = Debug|Any CPU
		{110465AC-20F5-4A06-A174-2CAED396E558}.Release|Any CPU.ActiveCfg = Release|Any CPU
		{110465AC-20F5-4A06-A174-2CAED396E558}.Release|Any CPU.Build.0 = Release|Any CPU
		{CC96DD6C-5A4F-4CBC-A925-042E4DF37155}.Debug|Any CPU.ActiveCfg = Debug|Any CPU
		{CC96DD6C-5A4F-4CBC-A925-042E4DF37155}.Debug|Any CPU.Build.0 = Debug|Any CPU
		{CC96DD6C-5A4F-4CBC-A925-042E4DF37155}.Release|Any CPU.ActiveCfg = Release|Any CPU
		{CC96DD6C-5A4F-4CBC-A925-042E4DF37155}.Release|Any CPU.Build.0 = Release|Any CPU
	EndGlobalSection
	GlobalSection(SolutionProperties) = preSolution
		HideSolutionNode = FALSE
	EndGlobalSection
	GlobalSection(NestedProjects) = preSolution
		{BA7087EA-9711-4755-826F-F139BC81CA5B} = {A71487FA-F38C-403B-B1BF-C1C78AAD3E72}
		{CE13A4BC-AE92-4643-BEE5-3877274EE3EC} = {A71487FA-F38C-403B-B1BF-C1C78AAD3E72}
		{3A15C0BC-0D19-46BC-B36C-E689A912ED4A} = {62C900E5-9EAC-4B52-81C5-D9B1A217105B}
		{74BD9A60-1AB4-433E-9A3D-032E0FF0D70E} = {62C900E5-9EAC-4B52-81C5-D9B1A217105B}
		{6267BF35-F0F9-4CCC-86B9-BE26157DF6FC} = {62C900E5-9EAC-4B52-81C5-D9B1A217105B}
		{05B8AF58-147E-4FC3-A2A1-6F9586F60870} = {62C900E5-9EAC-4B52-81C5-D9B1A217105B}
		{61D6C235-D7B4-46C2-BF69-7C96E842321A} = {7C3E849A-984B-44B9-9FF2-A3DB1B0F047E}
		{9F24EBCE-DD8A-44F0-975B-6B287A077E3B} = {7C3E849A-984B-44B9-9FF2-A3DB1B0F047E}
		{3E34DFE1-7976-43ED-9D3E-00CDC4856DA5} = {62C900E5-9EAC-4B52-81C5-D9B1A217105B}
		{2834CFFB-5494-4F14-8739-FB7D34AB9813} = {0CB6F47D-3219-4030-98DC-002C2956E838}
		{F32E1B36-FD11-4E12-B463-064AB5A18825} = {62C900E5-9EAC-4B52-81C5-D9B1A217105B}
		{09501EC6-8488-4007-B0DD-F63721776542} = {0CB6F47D-3219-4030-98DC-002C2956E838}
		{E7400767-72CF-4757-B85E-4F3015782683} = {0CB6F47D-3219-4030-98DC-002C2956E838}
		{7EE50809-38AE-420A-8A37-424F0F5DD635} = {0CB6F47D-3219-4030-98DC-002C2956E838}
		{2B88E2B9-4DF7-4289-8585-0B5A46CD6B48} = {0CB6F47D-3219-4030-98DC-002C2956E838}
		{110465AC-20F5-4A06-A174-2CAED396E558} = {A71487FA-F38C-403B-B1BF-C1C78AAD3E72}
		{CC96DD6C-5A4F-4CBC-A925-042E4DF37155} = {0CB6F47D-3219-4030-98DC-002C2956E838}
	EndGlobalSection
	GlobalSection(ExtensibilityGlobals) = postSolution
		SolutionGuid = {0BCE1AE6-CC47-4D9B-A743-600F2FB1E9B9}
	EndGlobalSection
EndGlobal
