
Microsoft Visual Studio Solution File, Format Version 12.00
# Visual Studio Version 16
VisualStudioVersion = 16.0.32228.343
MinimumVisualStudioVersion = 10.0.40219.1
Project("{9A19103F-16F7-4668-BE54-9A1E7A4F7556}") = "GenericListExample", "GenericListExample\GenericListExample.csproj", "{012F446D-7F85-4CEA-B6E1-2BDC3CBAE405}"
EndProject
Project("{2150E333-8FDC-42A3-9474-1A3956D46DE8}") = "Solution Items", "Solution Items", "{A710E28D-C6F8-417B-B6E0-6772426B65F9}"
	ProjectSection(SolutionItems) = preProject
		readme.md = readme.md
	EndProjectSection
EndProject
Project("{9A19103F-16F7-4668-BE54-9A1E7A4F7556}") = "SimpleDelegateEventAction", "SimpleDelegateEventAction\SimpleDelegateEventAction.csproj", "{20B2E535-DDC8-4395-B0A4-6BB7721D1076}"
EndProject
Project("{9A19103F-16F7-4668-BE54-9A1E7A4F7556}") = "Versioning", "Versioning\Versioning.csproj", "{18A4580F-6FF2-471A-A799-8E61E7A30228}"
EndProject
Project("{9A19103F-16F7-4668-BE54-9A1E7A4F7556}") = "UtilityLibrary", "UtilityLibrary\UtilityLibrary.csproj", "{8906C4EF-9EF8-4270-8525-AA283DDADD47}"
EndProject
Project("{2150E333-8FDC-42A3-9474-1A3956D46DE8}") = "Unit test", "Unit test", "{88514674-B6C1-40D2-AB12-41535F811296}"
EndProject
Project("{9A19103F-16F7-4668-BE54-9A1E7A4F7556}") = "VariousTestProject", "VariousTestProject\VariousTestProject.csproj", "{C8A8FB3B-8F01-4915-850A-6F8438D02D0A}"
EndProject
Project("{FAE04EC0-301F-11D3-BF4B-00C04F79EFBC}") = "BackGroundWorker1", "BackGroundWorker1\BackGroundWorker1.csproj", "{17C7E1E0-C195-4BD5-9BF5-C8EC52767CE2}"
EndProject
Project("{2150E333-8FDC-42A3-9474-1A3956D46DE8}") = "VB.NET", "VB.NET", "{9D07A349-44F1-4257-B59F-97A162DAEE19}"
EndProject
Project("{FAE04EC0-301F-11D3-BF4B-00C04F79EFBC}") = "DataGridViewCombo1", "DataGridViewCombo\DataGridViewCombo1.csproj", "{585DF517-D420-41C0-AA75-7FCB7C69B167}"
EndProject
Global
	GlobalSection(SolutionConfigurationPlatforms) = preSolution
		Debug|Any CPU = Debug|Any CPU
		Release|Any CPU = Release|Any CPU
	EndGlobalSection
	GlobalSection(ProjectConfigurationPlatforms) = postSolution
		{012F446D-7F85-4CEA-B6E1-2BDC3CBAE405}.Debug|Any CPU.ActiveCfg = Debug|Any CPU
		{012F446D-7F85-4CEA-B6E1-2BDC3CBAE405}.Debug|Any CPU.Build.0 = Debug|Any CPU
		{012F446D-7F85-4CEA-B6E1-2BDC3CBAE405}.Release|Any CPU.ActiveCfg = Release|Any CPU
		{012F446D-7F85-4CEA-B6E1-2BDC3CBAE405}.Release|Any CPU.Build.0 = Release|Any CPU
		{20B2E535-DDC8-4395-B0A4-6BB7721D1076}.Debug|Any CPU.ActiveCfg = Debug|Any CPU
		{20B2E535-DDC8-4395-B0A4-6BB7721D1076}.Debug|Any CPU.Build.0 = Debug|Any CPU
		{20B2E535-DDC8-4395-B0A4-6BB7721D1076}.Release|Any CPU.ActiveCfg = Release|Any CPU
		{20B2E535-DDC8-4395-B0A4-6BB7721D1076}.Release|Any CPU.Build.0 = Release|Any CPU
		{18A4580F-6FF2-471A-A799-8E61E7A30228}.Debug|Any CPU.ActiveCfg = Debug|Any CPU
		{18A4580F-6FF2-471A-A799-8E61E7A30228}.Debug|Any CPU.Build.0 = Debug|Any CPU
		{18A4580F-6FF2-471A-A799-8E61E7A30228}.Release|Any CPU.ActiveCfg = Release|Any CPU
		{18A4580F-6FF2-471A-A799-8E61E7A30228}.Release|Any CPU.Build.0 = Release|Any CPU
		{8906C4EF-9EF8-4270-8525-AA283DDADD47}.Debug|Any CPU.ActiveCfg = Debug|Any CPU
		{8906C4EF-9EF8-4270-8525-AA283DDADD47}.Debug|Any CPU.Build.0 = Debug|Any CPU
		{8906C4EF-9EF8-4270-8525-AA283DDADD47}.Release|Any CPU.ActiveCfg = Release|Any CPU
		{8906C4EF-9EF8-4270-8525-AA283DDADD47}.Release|Any CPU.Build.0 = Release|Any CPU
		{C8A8FB3B-8F01-4915-850A-6F8438D02D0A}.Debug|Any CPU.ActiveCfg = Debug|Any CPU
		{C8A8FB3B-8F01-4915-850A-6F8438D02D0A}.Debug|Any CPU.Build.0 = Debug|Any CPU
		{C8A8FB3B-8F01-4915-850A-6F8438D02D0A}.Release|Any CPU.ActiveCfg = Release|Any CPU
		{C8A8FB3B-8F01-4915-850A-6F8438D02D0A}.Release|Any CPU.Build.0 = Release|Any CPU
		{17C7E1E0-C195-4BD5-9BF5-C8EC52767CE2}.Debug|Any CPU.ActiveCfg = Debug|Any CPU
		{17C7E1E0-C195-4BD5-9BF5-C8EC52767CE2}.Debug|Any CPU.Build.0 = Debug|Any CPU
		{17C7E1E0-C195-4BD5-9BF5-C8EC52767CE2}.Release|Any CPU.ActiveCfg = Release|Any CPU
		{17C7E1E0-C195-4BD5-9BF5-C8EC52767CE2}.Release|Any CPU.Build.0 = Release|Any CPU
		{585DF517-D420-41C0-AA75-7FCB7C69B167}.Debug|Any CPU.ActiveCfg = Debug|Any CPU
		{585DF517-D420-41C0-AA75-7FCB7C69B167}.Debug|Any CPU.Build.0 = Debug|Any CPU
		{585DF517-D420-41C0-AA75-7FCB7C69B167}.Release|Any CPU.ActiveCfg = Release|Any CPU
		{585DF517-D420-41C0-AA75-7FCB7C69B167}.Release|Any CPU.Build.0 = Release|Any CPU
	EndGlobalSection
	GlobalSection(SolutionProperties) = preSolution
		HideSolutionNode = FALSE
	EndGlobalSection
	GlobalSection(NestedProjects) = preSolution
		{C8A8FB3B-8F01-4915-850A-6F8438D02D0A} = {88514674-B6C1-40D2-AB12-41535F811296}
	EndGlobalSection
	GlobalSection(ExtensibilityGlobals) = postSolution
		SolutionGuid = {0BCE1AE6-CC47-4D9B-A743-600F2FB1E9B9}
	EndGlobalSection
EndGlobal
