
Microsoft Visual Studio Solution File, Format Version 12.00
# Visual Studio Version 16
VisualStudioVersion = 16.0.32228.343
MinimumVisualStudioVersion = 10.0.40219.1
Project("{2150E333-8FDC-42A3-9474-1A3956D46DE8}") = "Solution Items", "Solution Items", "{A710E28D-C6F8-417B-B6E0-6772426B65F9}"
	ProjectSection(SolutionItems) = preProject
		readme.md = readme.md
	EndProjectSection
EndProject
Project("{9A19103F-16F7-4668-BE54-9A1E7A4F7556}") = "Versioning", "Versioning\Versioning.csproj", "{18A4580F-6FF2-471A-A799-8E61E7A30228}"
EndProject
Project("{FAE04EC0-301F-11D3-BF4B-00C04F79EFBC}") = "DataGridViewCombo1", "DataGridViewCombo\DataGridViewCombo1.csproj", "{585DF517-D420-41C0-AA75-7FCB7C69B167}"
EndProject
Project("{9A19103F-16F7-4668-BE54-9A1E7A4F7556}") = "WinFormHelpers", "WinFormHelpers\WinFormHelpers.csproj", "{BA7087EA-9711-4755-826F-F139BC81CA5B}"
EndProject
Project("{2150E333-8FDC-42A3-9474-1A3956D46DE8}") = "BindingSource code", "BindingSource code", "{A71487FA-F38C-403B-B1BF-C1C78AAD3E72}"
EndProject
Project("{9A19103F-16F7-4668-BE54-9A1E7A4F7556}") = "BindingSourceFiltering", "BindingSourceFiltering\BindingSourceFiltering.csproj", "{CE13A4BC-AE92-4643-BEE5-3877274EE3EC}"
EndProject
Project("{2150E333-8FDC-42A3-9474-1A3956D46DE8}") = "Class projects", "Class projects", "{62C900E5-9EAC-4B52-81C5-D9B1A217105B}"
EndProject
Project("{9A19103F-16F7-4668-BE54-9A1E7A4F7556}") = "AsyncSimple", "AsyncSimple\AsyncSimple.csproj", "{D6E25CB0-238D-41AE-98CA-3F59593B6886}"
EndProject
Project("{9A19103F-16F7-4668-BE54-9A1E7A4F7556}") = "WindowsFormsLibrary", "WindowsFormsLibrary\WindowsFormsLibrary.csproj", "{3A15C0BC-0D19-46BC-B36C-E689A912ED4A}"
EndProject
Project("{9A19103F-16F7-4668-BE54-9A1E7A4F7556}") = "SqlServerAsyncReadCore", "SqlServerAsyncReadCore\SqlServerAsyncReadCore.csproj", "{012E994E-28E7-49FF-B9D5-266E5D225941}"
EndProject
Project("{FAE04EC0-301F-11D3-BF4B-00C04F79EFBC}") = "DataAdapterFormApp", "DataAdapterFormApp\DataAdapterFormApp.csproj", "{E6B90F50-9132-441F-8BFC-71CE6DE7AA4B}"
EndProject
Project("{FAE04EC0-301F-11D3-BF4B-00C04F79EFBC}") = "SequenceConsoleApp", "SequenceConsoleApp\SequenceConsoleApp.csproj", "{66A302F6-7FF4-4C2A-885A-67B6E433EAE7}"
EndProject
Project("{9A19103F-16F7-4668-BE54-9A1E7A4F7556}") = "ConsoleHelperLibrary", "ConsoleHelperLibrary\ConsoleHelperLibrary.csproj", "{74BD9A60-1AB4-433E-9A3D-032E0FF0D70E}"
EndProject
Project("{9A19103F-16F7-4668-BE54-9A1E7A4F7556}") = "PathLibrary", "PathLibrary\PathLibrary.csproj", "{6267BF35-F0F9-4CCC-86B9-BE26157DF6FC}"
EndProject
Project("{9A19103F-16F7-4668-BE54-9A1E7A4F7556}") = "PathLibraryConsoleApp", "PathLibraryConsoleApp\PathLibraryConsoleApp.csproj", "{05B8AF58-147E-4FC3-A2A1-6F9586F60870}"
EndProject
Project("{FAE04EC0-301F-11D3-BF4B-00C04F79EFBC}") = "CheckedListBoxLastChecked", "CheckedListBoxLastChecked\CheckedListBoxLastChecked.csproj", "{28C5144B-A7ED-41B1-ADC2-772EB0D7E8C9}"
EndProject
Project("{FAE04EC0-301F-11D3-BF4B-00C04F79EFBC}") = "AbstractClassToStringExample", "AbstractClassToStringExample\AbstractClassToStringExample.csproj", "{F9B07213-AD49-4F55-81BA-20DDBF3252EE}"
EndProject
Project("{9A19103F-16F7-4668-BE54-9A1E7A4F7556}") = "StringArrayGetIntsConsoleApp", "StringArrayGetIntsConsoleApp\StringArrayGetIntsConsoleApp.csproj", "{1F959A4A-FD93-4D98-8E20-4428DED4E650}"
EndProject
Project("{FAE04EC0-301F-11D3-BF4B-00C04F79EFBC}") = "GetImageFromSqlServerFormApp", "GetImageFromSqlServerFormApp\GetImageFromSqlServerFormApp.csproj", "{082C85F9-ACF9-4364-B0B2-BF013A3E921D}"
EndProject
Project("{FAE04EC0-301F-11D3-BF4B-00C04F79EFBC}") = "CreateButtons", "CreateButtons\CreateButtons.csproj", "{84A3D44D-9567-42D9-8B86-FF40D9F58D4C}"
EndProject
Project("{9A19103F-16F7-4668-BE54-9A1E7A4F7556}") = "RadioInTabControl", "RadioInTabControl\RadioInTabControl.csproj", "{DABBDD5F-4B54-422D-982B-B99A11AD7E5C}"
EndProject
Project("{FAE04EC0-301F-11D3-BF4B-00C04F79EFBC}") = "DemoApp", "DemoApp\DemoApp.csproj", "{69074E21-2962-4D36-B0D0-0D2A52395834}"
EndProject
Project("{FAE04EC0-301F-11D3-BF4B-00C04F79EFBC}") = "IterateFoldersApp", "IterateFoldersApp\IterateFoldersApp.csproj", "{E0CDE030-4631-4220-A34C-D122EBECE0FF}"
EndProject
Global
	GlobalSection(SolutionConfigurationPlatforms) = preSolution
		Debug|Any CPU = Debug|Any CPU
		Release|Any CPU = Release|Any CPU
	EndGlobalSection
	GlobalSection(ProjectConfigurationPlatforms) = postSolution
		{18A4580F-6FF2-471A-A799-8E61E7A30228}.Debug|Any CPU.ActiveCfg = Debug|Any CPU
		{18A4580F-6FF2-471A-A799-8E61E7A30228}.Debug|Any CPU.Build.0 = Debug|Any CPU
		{18A4580F-6FF2-471A-A799-8E61E7A30228}.Release|Any CPU.ActiveCfg = Release|Any CPU
		{18A4580F-6FF2-471A-A799-8E61E7A30228}.Release|Any CPU.Build.0 = Release|Any CPU
		{585DF517-D420-41C0-AA75-7FCB7C69B167}.Debug|Any CPU.ActiveCfg = Debug|Any CPU
		{585DF517-D420-41C0-AA75-7FCB7C69B167}.Debug|Any CPU.Build.0 = Debug|Any CPU
		{585DF517-D420-41C0-AA75-7FCB7C69B167}.Release|Any CPU.ActiveCfg = Release|Any CPU
		{585DF517-D420-41C0-AA75-7FCB7C69B167}.Release|Any CPU.Build.0 = Release|Any CPU
		{BA7087EA-9711-4755-826F-F139BC81CA5B}.Debug|Any CPU.ActiveCfg = Debug|Any CPU
		{BA7087EA-9711-4755-826F-F139BC81CA5B}.Debug|Any CPU.Build.0 = Debug|Any CPU
		{BA7087EA-9711-4755-826F-F139BC81CA5B}.Release|Any CPU.ActiveCfg = Release|Any CPU
		{BA7087EA-9711-4755-826F-F139BC81CA5B}.Release|Any CPU.Build.0 = Release|Any CPU
		{CE13A4BC-AE92-4643-BEE5-3877274EE3EC}.Debug|Any CPU.ActiveCfg = Debug|Any CPU
		{CE13A4BC-AE92-4643-BEE5-3877274EE3EC}.Debug|Any CPU.Build.0 = Debug|Any CPU
		{CE13A4BC-AE92-4643-BEE5-3877274EE3EC}.Release|Any CPU.ActiveCfg = Release|Any CPU
		{CE13A4BC-AE92-4643-BEE5-3877274EE3EC}.Release|Any CPU.Build.0 = Release|Any CPU
		{D6E25CB0-238D-41AE-98CA-3F59593B6886}.Debug|Any CPU.ActiveCfg = Debug|Any CPU
		{D6E25CB0-238D-41AE-98CA-3F59593B6886}.Debug|Any CPU.Build.0 = Debug|Any CPU
		{D6E25CB0-238D-41AE-98CA-3F59593B6886}.Release|Any CPU.ActiveCfg = Release|Any CPU
		{D6E25CB0-238D-41AE-98CA-3F59593B6886}.Release|Any CPU.Build.0 = Release|Any CPU
		{3A15C0BC-0D19-46BC-B36C-E689A912ED4A}.Debug|Any CPU.ActiveCfg = Debug|Any CPU
		{3A15C0BC-0D19-46BC-B36C-E689A912ED4A}.Debug|Any CPU.Build.0 = Debug|Any CPU
		{3A15C0BC-0D19-46BC-B36C-E689A912ED4A}.Release|Any CPU.ActiveCfg = Release|Any CPU
		{3A15C0BC-0D19-46BC-B36C-E689A912ED4A}.Release|Any CPU.Build.0 = Release|Any CPU
		{012E994E-28E7-49FF-B9D5-266E5D225941}.Debug|Any CPU.ActiveCfg = Debug|Any CPU
		{012E994E-28E7-49FF-B9D5-266E5D225941}.Debug|Any CPU.Build.0 = Debug|Any CPU
		{012E994E-28E7-49FF-B9D5-266E5D225941}.Release|Any CPU.ActiveCfg = Release|Any CPU
		{012E994E-28E7-49FF-B9D5-266E5D225941}.Release|Any CPU.Build.0 = Release|Any CPU
		{E6B90F50-9132-441F-8BFC-71CE6DE7AA4B}.Debug|Any CPU.ActiveCfg = Debug|Any CPU
		{E6B90F50-9132-441F-8BFC-71CE6DE7AA4B}.Debug|Any CPU.Build.0 = Debug|Any CPU
		{E6B90F50-9132-441F-8BFC-71CE6DE7AA4B}.Release|Any CPU.ActiveCfg = Release|Any CPU
		{E6B90F50-9132-441F-8BFC-71CE6DE7AA4B}.Release|Any CPU.Build.0 = Release|Any CPU
		{66A302F6-7FF4-4C2A-885A-67B6E433EAE7}.Debug|Any CPU.ActiveCfg = Debug|Any CPU
		{66A302F6-7FF4-4C2A-885A-67B6E433EAE7}.Debug|Any CPU.Build.0 = Debug|Any CPU
		{66A302F6-7FF4-4C2A-885A-67B6E433EAE7}.Release|Any CPU.ActiveCfg = Release|Any CPU
		{66A302F6-7FF4-4C2A-885A-67B6E433EAE7}.Release|Any CPU.Build.0 = Release|Any CPU
		{74BD9A60-1AB4-433E-9A3D-032E0FF0D70E}.Debug|Any CPU.ActiveCfg = Debug|Any CPU
		{74BD9A60-1AB4-433E-9A3D-032E0FF0D70E}.Debug|Any CPU.Build.0 = Debug|Any CPU
		{74BD9A60-1AB4-433E-9A3D-032E0FF0D70E}.Release|Any CPU.ActiveCfg = Release|Any CPU
		{74BD9A60-1AB4-433E-9A3D-032E0FF0D70E}.Release|Any CPU.Build.0 = Release|Any CPU
		{6267BF35-F0F9-4CCC-86B9-BE26157DF6FC}.Debug|Any CPU.ActiveCfg = Debug|Any CPU
		{6267BF35-F0F9-4CCC-86B9-BE26157DF6FC}.Debug|Any CPU.Build.0 = Debug|Any CPU
		{6267BF35-F0F9-4CCC-86B9-BE26157DF6FC}.Release|Any CPU.ActiveCfg = Release|Any CPU
		{6267BF35-F0F9-4CCC-86B9-BE26157DF6FC}.Release|Any CPU.Build.0 = Release|Any CPU
		{05B8AF58-147E-4FC3-A2A1-6F9586F60870}.Debug|Any CPU.ActiveCfg = Debug|Any CPU
		{05B8AF58-147E-4FC3-A2A1-6F9586F60870}.Debug|Any CPU.Build.0 = Debug|Any CPU
		{05B8AF58-147E-4FC3-A2A1-6F9586F60870}.Release|Any CPU.ActiveCfg = Release|Any CPU
		{05B8AF58-147E-4FC3-A2A1-6F9586F60870}.Release|Any CPU.Build.0 = Release|Any CPU
		{28C5144B-A7ED-41B1-ADC2-772EB0D7E8C9}.Debug|Any CPU.ActiveCfg = Debug|Any CPU
		{28C5144B-A7ED-41B1-ADC2-772EB0D7E8C9}.Debug|Any CPU.Build.0 = Debug|Any CPU
		{28C5144B-A7ED-41B1-ADC2-772EB0D7E8C9}.Release|Any CPU.ActiveCfg = Release|Any CPU
		{28C5144B-A7ED-41B1-ADC2-772EB0D7E8C9}.Release|Any CPU.Build.0 = Release|Any CPU
		{F9B07213-AD49-4F55-81BA-20DDBF3252EE}.Debug|Any CPU.ActiveCfg = Debug|Any CPU
		{F9B07213-AD49-4F55-81BA-20DDBF3252EE}.Debug|Any CPU.Build.0 = Debug|Any CPU
		{F9B07213-AD49-4F55-81BA-20DDBF3252EE}.Release|Any CPU.ActiveCfg = Release|Any CPU
		{F9B07213-AD49-4F55-81BA-20DDBF3252EE}.Release|Any CPU.Build.0 = Release|Any CPU
		{1F959A4A-FD93-4D98-8E20-4428DED4E650}.Debug|Any CPU.ActiveCfg = Debug|Any CPU
		{1F959A4A-FD93-4D98-8E20-4428DED4E650}.Debug|Any CPU.Build.0 = Debug|Any CPU
		{1F959A4A-FD93-4D98-8E20-4428DED4E650}.Release|Any CPU.ActiveCfg = Release|Any CPU
		{1F959A4A-FD93-4D98-8E20-4428DED4E650}.Release|Any CPU.Build.0 = Release|Any CPU
		{082C85F9-ACF9-4364-B0B2-BF013A3E921D}.Debug|Any CPU.ActiveCfg = Debug|Any CPU
		{082C85F9-ACF9-4364-B0B2-BF013A3E921D}.Debug|Any CPU.Build.0 = Debug|Any CPU
		{082C85F9-ACF9-4364-B0B2-BF013A3E921D}.Release|Any CPU.ActiveCfg = Release|Any CPU
		{082C85F9-ACF9-4364-B0B2-BF013A3E921D}.Release|Any CPU.Build.0 = Release|Any CPU
		{84A3D44D-9567-42D9-8B86-FF40D9F58D4C}.Debug|Any CPU.ActiveCfg = Debug|Any CPU
		{84A3D44D-9567-42D9-8B86-FF40D9F58D4C}.Debug|Any CPU.Build.0 = Debug|Any CPU
		{84A3D44D-9567-42D9-8B86-FF40D9F58D4C}.Release|Any CPU.ActiveCfg = Release|Any CPU
		{84A3D44D-9567-42D9-8B86-FF40D9F58D4C}.Release|Any CPU.Build.0 = Release|Any CPU
		{DABBDD5F-4B54-422D-982B-B99A11AD7E5C}.Debug|Any CPU.ActiveCfg = Debug|Any CPU
		{DABBDD5F-4B54-422D-982B-B99A11AD7E5C}.Debug|Any CPU.Build.0 = Debug|Any CPU
		{DABBDD5F-4B54-422D-982B-B99A11AD7E5C}.Release|Any CPU.ActiveCfg = Release|Any CPU
		{DABBDD5F-4B54-422D-982B-B99A11AD7E5C}.Release|Any CPU.Build.0 = Release|Any CPU
		{69074E21-2962-4D36-B0D0-0D2A52395834}.Debug|Any CPU.ActiveCfg = Debug|Any CPU
		{69074E21-2962-4D36-B0D0-0D2A52395834}.Debug|Any CPU.Build.0 = Debug|Any CPU
		{69074E21-2962-4D36-B0D0-0D2A52395834}.Release|Any CPU.ActiveCfg = Release|Any CPU
		{69074E21-2962-4D36-B0D0-0D2A52395834}.Release|Any CPU.Build.0 = Release|Any CPU
		{E0CDE030-4631-4220-A34C-D122EBECE0FF}.Debug|Any CPU.ActiveCfg = Debug|Any CPU
		{E0CDE030-4631-4220-A34C-D122EBECE0FF}.Debug|Any CPU.Build.0 = Debug|Any CPU
		{E0CDE030-4631-4220-A34C-D122EBECE0FF}.Release|Any CPU.ActiveCfg = Release|Any CPU
		{E0CDE030-4631-4220-A34C-D122EBECE0FF}.Release|Any CPU.Build.0 = Release|Any CPU
	EndGlobalSection
	GlobalSection(SolutionProperties) = preSolution
		HideSolutionNode = FALSE
	EndGlobalSection
	GlobalSection(NestedProjects) = preSolution
		{BA7087EA-9711-4755-826F-F139BC81CA5B} = {62C900E5-9EAC-4B52-81C5-D9B1A217105B}
		{CE13A4BC-AE92-4643-BEE5-3877274EE3EC} = {A71487FA-F38C-403B-B1BF-C1C78AAD3E72}
		{3A15C0BC-0D19-46BC-B36C-E689A912ED4A} = {62C900E5-9EAC-4B52-81C5-D9B1A217105B}
		{74BD9A60-1AB4-433E-9A3D-032E0FF0D70E} = {62C900E5-9EAC-4B52-81C5-D9B1A217105B}
		{6267BF35-F0F9-4CCC-86B9-BE26157DF6FC} = {62C900E5-9EAC-4B52-81C5-D9B1A217105B}
		{05B8AF58-147E-4FC3-A2A1-6F9586F60870} = {62C900E5-9EAC-4B52-81C5-D9B1A217105B}
	EndGlobalSection
	GlobalSection(ExtensibilityGlobals) = postSolution
		SolutionGuid = {0BCE1AE6-CC47-4D9B-A743-600F2FB1E9B9}
	EndGlobalSection
EndGlobal
