
Microsoft Visual Studio Solution File, Format Version 12.00
# Visual Studio Version 17
VisualStudioVersion = 17.3.32819.101
MinimumVisualStudioVersion = 10.0.40219.1
Project("{2150E333-8FDC-42A3-9474-1A3956D46DE8}") = "Solution Items", "Solution Items", "{A710E28D-C6F8-417B-B6E0-6772426B65F9}"
	ProjectSection(SolutionItems) = preProject
		readme.md = readme.md
	EndProjectSection
EndProject
Project("{FAE04EC0-301F-11D3-BF4B-00C04F79EFBC}") = "DataGridViewCombo1", "DataGridViewCombo\DataGridViewCombo1.csproj", "{585DF517-D420-41C0-AA75-7FCB7C69B167}"
EndProject
Project("{9A19103F-16F7-4668-BE54-9A1E7A4F7556}") = "WinFormHelpers", "WinFormHelpers\WinFormHelpers.csproj", "{BA7087EA-9711-4755-826F-F139BC81CA5B}"
EndProject
Project("{2150E333-8FDC-42A3-9474-1A3956D46DE8}") = "BindingSource code", "BindingSource code", "{A71487FA-F38C-403B-B1BF-C1C78AAD3E72}"
EndProject
Project("{9A19103F-16F7-4668-BE54-9A1E7A4F7556}") = "BindingSourceFiltering", "BindingSourceFiltering\BindingSourceFiltering.csproj", "{CE13A4BC-AE92-4643-BEE5-3877274EE3EC}"
EndProject
Project("{2150E333-8FDC-42A3-9474-1A3956D46DE8}") = "Class projects", "Class projects", "{62C900E5-9EAC-4B52-81C5-D9B1A217105B}"
EndProject
Project("{9A19103F-16F7-4668-BE54-9A1E7A4F7556}") = "AsyncSimple", "AsyncSimple\AsyncSimple.csproj", "{D6E25CB0-238D-41AE-98CA-3F59593B6886}"
EndProject
Project("{9A19103F-16F7-4668-BE54-9A1E7A4F7556}") = "WindowsFormsLibrary", "WindowsFormsLibrary\WindowsFormsLibrary.csproj", "{3A15C0BC-0D19-46BC-B36C-E689A912ED4A}"
EndProject
Project("{9A19103F-16F7-4668-BE54-9A1E7A4F7556}") = "SqlServerAsyncReadCore", "SqlServerAsyncReadCore\SqlServerAsyncReadCore.csproj", "{012E994E-28E7-49FF-B9D5-266E5D225941}"
EndProject
Project("{FAE04EC0-301F-11D3-BF4B-00C04F79EFBC}") = "DataAdapterFormApp", "DataAdapterFormApp\DataAdapterFormApp.csproj", "{E6B90F50-9132-441F-8BFC-71CE6DE7AA4B}"
EndProject
Project("{9A19103F-16F7-4668-BE54-9A1E7A4F7556}") = "ConsoleHelperLibrary", "ConsoleHelperLibrary\ConsoleHelperLibrary.csproj", "{74BD9A60-1AB4-433E-9A3D-032E0FF0D70E}"
EndProject
Project("{9A19103F-16F7-4668-BE54-9A1E7A4F7556}") = "PathLibrary", "PathLibrary\PathLibrary.csproj", "{6267BF35-F0F9-4CCC-86B9-BE26157DF6FC}"
EndProject
Project("{9A19103F-16F7-4668-BE54-9A1E7A4F7556}") = "PathLibraryConsoleApp", "PathLibraryConsoleApp\PathLibraryConsoleApp.csproj", "{05B8AF58-147E-4FC3-A2A1-6F9586F60870}"
EndProject
Project("{FAE04EC0-301F-11D3-BF4B-00C04F79EFBC}") = "CheckedListBoxLastChecked", "CheckedListBoxLastChecked\CheckedListBoxLastChecked.csproj", "{28C5144B-A7ED-41B1-ADC2-772EB0D7E8C9}"
EndProject
Project("{9A19103F-16F7-4668-BE54-9A1E7A4F7556}") = "LoopThroughFile", "LoopThroughFile\LoopThroughFile.csproj", "{1A48E157-10C2-4DE1-B9F7-A82B0DC769FD}"
EndProject
Project("{9A19103F-16F7-4668-BE54-9A1E7A4F7556}") = "WinFormsApp1", "WinFormsApp1\WinFormsApp1.csproj", "{EFEF620B-BA92-46C3-8653-808574532468}"
EndProject
Project("{9A19103F-16F7-4668-BE54-9A1E7A4F7556}") = "EnumDescriptions", "EnumDescriptions\EnumDescriptions.csproj", "{47E792B0-4040-4658-A93D-83201C219434}"
EndProject
Project("{9A19103F-16F7-4668-BE54-9A1E7A4F7556}") = "FluentEmailDemo", "Project1\FluentEmailDemo.csproj", "{6B7BF2C8-40D0-48E8-9DA8-BA230B4B891D}"
EndProject
Project("{9A19103F-16F7-4668-BE54-9A1E7A4F7556}") = "RangeForEach", "RangeForEach\RangeForEach.csproj", "{522E4CD8-5680-4306-9DC6-4D26F388A775}"
EndProject
Project("{9A19103F-16F7-4668-BE54-9A1E7A4F7556}") = "ConsoleApp1", "ConsoleApp1\ConsoleApp1.csproj", "{4C61D4F0-DEE1-47A5-BD48-9A0E9A40974B}"
EndProject
Project("{2150E333-8FDC-42A3-9474-1A3956D46DE8}") = "XML", "XML", "{7C3E849A-984B-44B9-9FF2-A3DB1B0F047E}"
EndProject
Project("{9A19103F-16F7-4668-BE54-9A1E7A4F7556}") = "KP_ConsoleAppXml", "KP_ConsoleAppXml\KP_ConsoleAppXml.csproj", "{61D6C235-D7B4-46C2-BF69-7C96E842321A}"
EndProject
Project("{9A19103F-16F7-4668-BE54-9A1E7A4F7556}") = "EFCoreGroupByConsoleApp", "EFCoreGroupyConsoleApp\EFCoreGroupByConsoleApp.csproj", "{4399B36F-DB09-4CA8-A82D-5A0983CC93E0}"
EndProject
Project("{9A19103F-16F7-4668-BE54-9A1E7A4F7556}") = "DatabaseSettingsLibrary", "DatabaseSettingsLibrary\DatabaseSettingsLibrary.csproj", "{3E34DFE1-7976-43ED-9D3E-00CDC4856DA5}"
EndProject
Project("{2150E333-8FDC-42A3-9474-1A3956D46DE8}") = "csharp 11", "csharp 11", "{0CB6F47D-3219-4030-98DC-002C2956E838}"
EndProject
Project("{9A19103F-16F7-4668-BE54-9A1E7A4F7556}") = "ConsoleWorkingWithCsharp11", "ConsoleWorkingWithCsharp11\ConsoleWorkingWithCsharp11.csproj", "{2834CFFB-5494-4F14-8739-FB7D34AB9813}"
EndProject
Project("{9A19103F-16F7-4668-BE54-9A1E7A4F7556}") = "SqlServerLibrary", "SqlServerLibrary\SqlServerLibrary.csproj", "{F32E1B36-FD11-4E12-B463-064AB5A18825}"
EndProject
Project("{FAE04EC0-301F-11D3-BF4B-00C04F79EFBC}") = "SqlServerAsyncRead", "SqlServerAsyncRead\SqlServerAsyncRead.csproj", "{E883E0CE-608F-4362-A01A-446CAD294B5E}"
EndProject
Project("{9A19103F-16F7-4668-BE54-9A1E7A4F7556}") = "SqlServerLoop", "SqlServerLoop\SqlServerLoop.csproj", "{3FFA32C6-1D16-4545-9CDF-91AE481EE336}"
EndProject
Project("{9A19103F-16F7-4668-BE54-9A1E7A4F7556}") = "HidePathInExceptions", "ConsoleApp2\HidePathInExceptions.csproj", "{66D24909-9D92-43A4-93D7-D7320A68F5E5}"
EndProject
Project("{9A19103F-16F7-4668-BE54-9A1E7A4F7556}") = "CountCharactersApp", "CountCharactersApp\CountCharactersApp.csproj", "{7EE50809-38AE-420A-8A37-424F0F5DD635}"
EndProject
Project("{9A19103F-16F7-4668-BE54-9A1E7A4F7556}") = "BindingListLibrary", "BindingListLibrary\BindingListLibrary.csproj", "{110465AC-20F5-4A06-A174-2CAED396E558}"
EndProject
Project("{9A19103F-16F7-4668-BE54-9A1E7A4F7556}") = "GetDateTimeFromWebApp", "GetDateTimeFromWebApp\GetDateTimeFromWebApp.csproj", "{808A765D-6FD3-4167-9BB7-F62F316826E6}"
EndProject
Project("{2150E333-8FDC-42A3-9474-1A3956D46DE8}") = "EF Core", "EF Core", "{3157391C-358A-4459-A03E-7DC0BBB50EE5}"
EndProject
Project("{2150E333-8FDC-42A3-9474-1A3956D46DE8}") = "Sql server data provider", "Sql server data provider", "{4F98F287-2D40-410D-86A2-CE76E31D5426}"
EndProject
Project("{2150E333-8FDC-42A3-9474-1A3956D46DE8}") = "DataGridView", "DataGridView", "{F1CE7FF9-BF7F-48F8-9C3B-67993120685B}"
EndProject
Project("{2150E333-8FDC-42A3-9474-1A3956D46DE8}") = "Other", "Other", "{59C59ADE-BDB5-4C9C-841F-DD73DCCF080E}"
EndProject
Project("{9A19103F-16F7-4668-BE54-9A1E7A4F7556}") = "EnumComparisionApp", "EnumComparisionApp\EnumComparisionApp.csproj", "{C836CA00-D6FE-4D79-8761-C021CA3FC578}"
EndProject
Project("{9A19103F-16F7-4668-BE54-9A1E7A4F7556}") = "StackDemo", "StackDemo\StackDemo.csproj", "{BC9AC9A4-C6F1-44BE-A389-614244E60DBB}"
EndProject
Project("{FAE04EC0-301F-11D3-BF4B-00C04F79EFBC}") = "ActiveDirectoryApp", "WindowsFormsApp1\ActiveDirectoryApp.csproj", "{13DF1F1F-3054-4C5D-952B-DB321C360D00}"
EndProject
Project("{FAE04EC0-301F-11D3-BF4B-00C04F79EFBC}") = "WindowsFormsApp2", "WindowsFormsApp2\WindowsFormsApp2.csproj", "{510CE98A-2022-4A26-8851-C9C6739F17CF}"
EndProject
Project("{FAE04EC0-301F-11D3-BF4B-00C04F79EFBC}") = "WindowsFormsApp3", "WindowsFormsApp3\WindowsFormsApp3.csproj", "{266D14B7-2C62-44B7-87EA-9F38FF7CA277}"
EndProject
Project("{2150E333-8FDC-42A3-9474-1A3956D46DE8}") = "Web", "Web", "{C57FD580-AF78-4772-AFD9-423C3B0DD5A6}"
EndProject
Project("{E24C65DC-7377-472B-9ABA-BC803B73C61A}") = "MonitorInput", "MonitorInput\", "{31269A38-8586-43D2-9740-E34F92D946AF}"
	ProjectSection(WebsiteProperties) = preProject
		TargetFrameworkMoniker = ".NETFramework,Version%3Dv4.7.2"
		Debug.AspNetCompiler.VirtualPath = "/localhost_51285"
		Debug.AspNetCompiler.PhysicalPath = "MonitorInput\"
		Debug.AspNetCompiler.TargetPath = "PrecompiledWeb\localhost_51285\"
		Debug.AspNetCompiler.Updateable = "true"
		Debug.AspNetCompiler.ForceOverwrite = "true"
		Debug.AspNetCompiler.FixedNames = "false"
		Debug.AspNetCompiler.Debug = "True"
		Release.AspNetCompiler.VirtualPath = "/localhost_51285"
		Release.AspNetCompiler.PhysicalPath = "MonitorInput\"
		Release.AspNetCompiler.TargetPath = "PrecompiledWeb\localhost_51285\"
		Release.AspNetCompiler.Updateable = "true"
		Release.AspNetCompiler.ForceOverwrite = "true"
		Release.AspNetCompiler.FixedNames = "false"
		Release.AspNetCompiler.Debug = "False"
		VWDPort = "51285"
		DefaultWebSiteLanguage = "Visual Basic"
	EndProjectSection
	ProjectSection(WebsiteProperties) = preProject
		TargetFrameworkMoniker = ".NETFramework,Version%3Dv4.7.2"
		Debug.AspNetCompiler.VirtualPath = "/localhost_51285"
		Debug.AspNetCompiler.PhysicalPath = "MonitorInput\"
		Debug.AspNetCompiler.TargetPath = "PrecompiledWeb\localhost_51285\"
		Debug.AspNetCompiler.Updateable = "true"
		Debug.AspNetCompiler.ForceOverwrite = "true"
		Debug.AspNetCompiler.FixedNames = "false"
		Debug.AspNetCompiler.Debug = "True"
		Release.AspNetCompiler.VirtualPath = "/localhost_51285"
		Release.AspNetCompiler.PhysicalPath = "MonitorInput\"
		Release.AspNetCompiler.TargetPath = "PrecompiledWeb\localhost_51285\"
		Release.AspNetCompiler.Updateable = "true"
		Release.AspNetCompiler.ForceOverwrite = "true"
		Release.AspNetCompiler.FixedNames = "false"
		Release.AspNetCompiler.Debug = "False"
		VWDPort = "51285"
		SlnRelativePath = "MonitorInput\"
		DefaultWebSiteLanguage = "Visual Basic"
	EndProjectSection
EndProject
Project("{9A19103F-16F7-4668-BE54-9A1E7A4F7556}") = "CustomDateTimePicker", "CustomDateTimePicker\CustomDateTimePicker.csproj", "{E2C0EFA9-9AEA-4313-8DE4-289D6C4E0E5B}"
EndProject
Project("{9A19103F-16F7-4668-BE54-9A1E7A4F7556}") = "RunningTotalsFormsApp", "RunningTotalsFormsApp\RunningTotalsFormsApp.csproj", "{54A36C70-AE3A-4F63-B77D-9EAD114E33CB}"
EndProject
Project("{FAE04EC0-301F-11D3-BF4B-00C04F79EFBC}") = "CheckBoxColumnCount", "DataGridViewCheckAll\CheckBoxColumnCount.csproj", "{C417BCCB-2295-4973-9C52-FAE8116B84FD}"
EndProject
Project("{9A19103F-16F7-4668-BE54-9A1E7A4F7556}") = "ForumQuestionDelegates", "ForumQuestionDelegates\ForumQuestionDelegates.csproj", "{E382084A-6416-4EFD-B11B-82ACE3E20619}"
EndProject
Project("{9A19103F-16F7-4668-BE54-9A1E7A4F7556}") = "UtilityLibrary", "UtilityLibrary\UtilityLibrary.csproj", "{F89A0B2C-DAB6-4AE0-BFCB-0FDDD36B850D}"
EndProject
Project("{9A19103F-16F7-4668-BE54-9A1E7A4F7556}") = "NullableDeconstruct", "NullableDeconstruct\NullableDeconstruct.csproj", "{A48024FE-5D51-4705-99B7-E5F051518C88}"
EndProject
Project("{2150E333-8FDC-42A3-9474-1A3956D46DE8}") = "net8", "net8", "{D0C58754-0AE5-4FEC-9700-45F5143C5998}"
EndProject
Project("{9A19103F-16F7-4668-BE54-9A1E7A4F7556}") = "RandomSharedApp", "RandomSharedApp\RandomSharedApp.csproj", "{B366C726-8920-4168-8656-64DE7723AF89}"
EndProject
Project("{FAE04EC0-301F-11D3-BF4B-00C04F79EFBC}") = "DataGridViewCheckBoxApp1", "DataGridViewCheckBoxApp1\DataGridViewCheckBoxApp1.csproj", "{B2081F14-3402-471D-B1C0-4393444D92C6}"
EndProject
Global
	GlobalSection(SolutionConfigurationPlatforms) = preSolution
		Debug|Any CPU = Debug|Any CPU
		Release|Any CPU = Release|Any CPU
	EndGlobalSection
	GlobalSection(ProjectConfigurationPlatforms) = postSolution
		{585DF517-D420-41C0-AA75-7FCB7C69B167}.Debug|Any CPU.ActiveCfg = Debug|Any CPU
		{585DF517-D420-41C0-AA75-7FCB7C69B167}.Debug|Any CPU.Build.0 = Debug|Any CPU
		{585DF517-D420-41C0-AA75-7FCB7C69B167}.Release|Any CPU.ActiveCfg = Release|Any CPU
		{585DF517-D420-41C0-AA75-7FCB7C69B167}.Release|Any CPU.Build.0 = Release|Any CPU
		{BA7087EA-9711-4755-826F-F139BC81CA5B}.Debug|Any CPU.ActiveCfg = Debug|Any CPU
		{BA7087EA-9711-4755-826F-F139BC81CA5B}.Debug|Any CPU.Build.0 = Debug|Any CPU
		{BA7087EA-9711-4755-826F-F139BC81CA5B}.Release|Any CPU.ActiveCfg = Release|Any CPU
		{BA7087EA-9711-4755-826F-F139BC81CA5B}.Release|Any CPU.Build.0 = Release|Any CPU
		{CE13A4BC-AE92-4643-BEE5-3877274EE3EC}.Debug|Any CPU.ActiveCfg = Debug|Any CPU
		{CE13A4BC-AE92-4643-BEE5-3877274EE3EC}.Debug|Any CPU.Build.0 = Debug|Any CPU
		{CE13A4BC-AE92-4643-BEE5-3877274EE3EC}.Release|Any CPU.ActiveCfg = Release|Any CPU
		{CE13A4BC-AE92-4643-BEE5-3877274EE3EC}.Release|Any CPU.Build.0 = Release|Any CPU
		{D6E25CB0-238D-41AE-98CA-3F59593B6886}.Debug|Any CPU.ActiveCfg = Debug|Any CPU
		{D6E25CB0-238D-41AE-98CA-3F59593B6886}.Debug|Any CPU.Build.0 = Debug|Any CPU
		{D6E25CB0-238D-41AE-98CA-3F59593B6886}.Release|Any CPU.ActiveCfg = Release|Any CPU
		{D6E25CB0-238D-41AE-98CA-3F59593B6886}.Release|Any CPU.Build.0 = Release|Any CPU
		{3A15C0BC-0D19-46BC-B36C-E689A912ED4A}.Debug|Any CPU.ActiveCfg = Debug|Any CPU
		{3A15C0BC-0D19-46BC-B36C-E689A912ED4A}.Debug|Any CPU.Build.0 = Debug|Any CPU
		{3A15C0BC-0D19-46BC-B36C-E689A912ED4A}.Release|Any CPU.ActiveCfg = Release|Any CPU
		{3A15C0BC-0D19-46BC-B36C-E689A912ED4A}.Release|Any CPU.Build.0 = Release|Any CPU
		{012E994E-28E7-49FF-B9D5-266E5D225941}.Debug|Any CPU.ActiveCfg = Debug|Any CPU
		{012E994E-28E7-49FF-B9D5-266E5D225941}.Debug|Any CPU.Build.0 = Debug|Any CPU
		{012E994E-28E7-49FF-B9D5-266E5D225941}.Release|Any CPU.ActiveCfg = Release|Any CPU
		{012E994E-28E7-49FF-B9D5-266E5D225941}.Release|Any CPU.Build.0 = Release|Any CPU
		{E6B90F50-9132-441F-8BFC-71CE6DE7AA4B}.Debug|Any CPU.ActiveCfg = Debug|Any CPU
		{E6B90F50-9132-441F-8BFC-71CE6DE7AA4B}.Debug|Any CPU.Build.0 = Debug|Any CPU
		{E6B90F50-9132-441F-8BFC-71CE6DE7AA4B}.Release|Any CPU.ActiveCfg = Release|Any CPU
		{E6B90F50-9132-441F-8BFC-71CE6DE7AA4B}.Release|Any CPU.Build.0 = Release|Any CPU
		{74BD9A60-1AB4-433E-9A3D-032E0FF0D70E}.Debug|Any CPU.ActiveCfg = Debug|Any CPU
		{74BD9A60-1AB4-433E-9A3D-032E0FF0D70E}.Debug|Any CPU.Build.0 = Debug|Any CPU
		{74BD9A60-1AB4-433E-9A3D-032E0FF0D70E}.Release|Any CPU.ActiveCfg = Release|Any CPU
		{74BD9A60-1AB4-433E-9A3D-032E0FF0D70E}.Release|Any CPU.Build.0 = Release|Any CPU
		{6267BF35-F0F9-4CCC-86B9-BE26157DF6FC}.Debug|Any CPU.ActiveCfg = Debug|Any CPU
		{6267BF35-F0F9-4CCC-86B9-BE26157DF6FC}.Debug|Any CPU.Build.0 = Debug|Any CPU
		{6267BF35-F0F9-4CCC-86B9-BE26157DF6FC}.Release|Any CPU.ActiveCfg = Release|Any CPU
		{6267BF35-F0F9-4CCC-86B9-BE26157DF6FC}.Release|Any CPU.Build.0 = Release|Any CPU
		{05B8AF58-147E-4FC3-A2A1-6F9586F60870}.Debug|Any CPU.ActiveCfg = Debug|Any CPU
		{05B8AF58-147E-4FC3-A2A1-6F9586F60870}.Debug|Any CPU.Build.0 = Debug|Any CPU
		{05B8AF58-147E-4FC3-A2A1-6F9586F60870}.Release|Any CPU.ActiveCfg = Release|Any CPU
		{05B8AF58-147E-4FC3-A2A1-6F9586F60870}.Release|Any CPU.Build.0 = Release|Any CPU
		{28C5144B-A7ED-41B1-ADC2-772EB0D7E8C9}.Debug|Any CPU.ActiveCfg = Debug|Any CPU
		{28C5144B-A7ED-41B1-ADC2-772EB0D7E8C9}.Debug|Any CPU.Build.0 = Debug|Any CPU
		{28C5144B-A7ED-41B1-ADC2-772EB0D7E8C9}.Release|Any CPU.ActiveCfg = Release|Any CPU
		{28C5144B-A7ED-41B1-ADC2-772EB0D7E8C9}.Release|Any CPU.Build.0 = Release|Any CPU
		{1A48E157-10C2-4DE1-B9F7-A82B0DC769FD}.Debug|Any CPU.ActiveCfg = Debug|Any CPU
		{1A48E157-10C2-4DE1-B9F7-A82B0DC769FD}.Debug|Any CPU.Build.0 = Debug|Any CPU
		{1A48E157-10C2-4DE1-B9F7-A82B0DC769FD}.Release|Any CPU.ActiveCfg = Release|Any CPU
		{1A48E157-10C2-4DE1-B9F7-A82B0DC769FD}.Release|Any CPU.Build.0 = Release|Any CPU
		{EFEF620B-BA92-46C3-8653-808574532468}.Debug|Any CPU.ActiveCfg = Debug|Any CPU
		{EFEF620B-BA92-46C3-8653-808574532468}.Debug|Any CPU.Build.0 = Debug|Any CPU
		{EFEF620B-BA92-46C3-8653-808574532468}.Release|Any CPU.ActiveCfg = Release|Any CPU
		{EFEF620B-BA92-46C3-8653-808574532468}.Release|Any CPU.Build.0 = Release|Any CPU
		{47E792B0-4040-4658-A93D-83201C219434}.Debug|Any CPU.ActiveCfg = Debug|Any CPU
		{47E792B0-4040-4658-A93D-83201C219434}.Debug|Any CPU.Build.0 = Debug|Any CPU
		{47E792B0-4040-4658-A93D-83201C219434}.Release|Any CPU.ActiveCfg = Release|Any CPU
		{47E792B0-4040-4658-A93D-83201C219434}.Release|Any CPU.Build.0 = Release|Any CPU
		{6B7BF2C8-40D0-48E8-9DA8-BA230B4B891D}.Debug|Any CPU.ActiveCfg = Debug|Any CPU
		{6B7BF2C8-40D0-48E8-9DA8-BA230B4B891D}.Debug|Any CPU.Build.0 = Debug|Any CPU
		{6B7BF2C8-40D0-48E8-9DA8-BA230B4B891D}.Release|Any CPU.ActiveCfg = Release|Any CPU
		{6B7BF2C8-40D0-48E8-9DA8-BA230B4B891D}.Release|Any CPU.Build.0 = Release|Any CPU
		{522E4CD8-5680-4306-9DC6-4D26F388A775}.Debug|Any CPU.ActiveCfg = Debug|Any CPU
		{522E4CD8-5680-4306-9DC6-4D26F388A775}.Debug|Any CPU.Build.0 = Debug|Any CPU
		{522E4CD8-5680-4306-9DC6-4D26F388A775}.Release|Any CPU.ActiveCfg = Release|Any CPU
		{522E4CD8-5680-4306-9DC6-4D26F388A775}.Release|Any CPU.Build.0 = Release|Any CPU
		{4C61D4F0-DEE1-47A5-BD48-9A0E9A40974B}.Debug|Any CPU.ActiveCfg = Debug|Any CPU
		{4C61D4F0-DEE1-47A5-BD48-9A0E9A40974B}.Debug|Any CPU.Build.0 = Debug|Any CPU
		{4C61D4F0-DEE1-47A5-BD48-9A0E9A40974B}.Release|Any CPU.ActiveCfg = Release|Any CPU
		{4C61D4F0-DEE1-47A5-BD48-9A0E9A40974B}.Release|Any CPU.Build.0 = Release|Any CPU
		{61D6C235-D7B4-46C2-BF69-7C96E842321A}.Debug|Any CPU.ActiveCfg = Debug|Any CPU
		{61D6C235-D7B4-46C2-BF69-7C96E842321A}.Debug|Any CPU.Build.0 = Debug|Any CPU
		{61D6C235-D7B4-46C2-BF69-7C96E842321A}.Release|Any CPU.ActiveCfg = Release|Any CPU
		{61D6C235-D7B4-46C2-BF69-7C96E842321A}.Release|Any CPU.Build.0 = Release|Any CPU
		{4399B36F-DB09-4CA8-A82D-5A0983CC93E0}.Debug|Any CPU.ActiveCfg = Debug|Any CPU
		{4399B36F-DB09-4CA8-A82D-5A0983CC93E0}.Debug|Any CPU.Build.0 = Debug|Any CPU
		{4399B36F-DB09-4CA8-A82D-5A0983CC93E0}.Release|Any CPU.ActiveCfg = Release|Any CPU
		{4399B36F-DB09-4CA8-A82D-5A0983CC93E0}.Release|Any CPU.Build.0 = Release|Any CPU
		{3E34DFE1-7976-43ED-9D3E-00CDC4856DA5}.Debug|Any CPU.ActiveCfg = Debug|Any CPU
		{3E34DFE1-7976-43ED-9D3E-00CDC4856DA5}.Debug|Any CPU.Build.0 = Debug|Any CPU
		{3E34DFE1-7976-43ED-9D3E-00CDC4856DA5}.Release|Any CPU.ActiveCfg = Release|Any CPU
		{3E34DFE1-7976-43ED-9D3E-00CDC4856DA5}.Release|Any CPU.Build.0 = Release|Any CPU
		{2834CFFB-5494-4F14-8739-FB7D34AB9813}.Debug|Any CPU.ActiveCfg = Debug|Any CPU
		{2834CFFB-5494-4F14-8739-FB7D34AB9813}.Debug|Any CPU.Build.0 = Debug|Any CPU
		{2834CFFB-5494-4F14-8739-FB7D34AB9813}.Release|Any CPU.ActiveCfg = Release|Any CPU
		{2834CFFB-5494-4F14-8739-FB7D34AB9813}.Release|Any CPU.Build.0 = Release|Any CPU
		{F32E1B36-FD11-4E12-B463-064AB5A18825}.Debug|Any CPU.ActiveCfg = Debug|Any CPU
		{F32E1B36-FD11-4E12-B463-064AB5A18825}.Debug|Any CPU.Build.0 = Debug|Any CPU
		{F32E1B36-FD11-4E12-B463-064AB5A18825}.Release|Any CPU.ActiveCfg = Release|Any CPU
		{F32E1B36-FD11-4E12-B463-064AB5A18825}.Release|Any CPU.Build.0 = Release|Any CPU
		{E883E0CE-608F-4362-A01A-446CAD294B5E}.Debug|Any CPU.ActiveCfg = Debug|Any CPU
		{E883E0CE-608F-4362-A01A-446CAD294B5E}.Debug|Any CPU.Build.0 = Debug|Any CPU
		{E883E0CE-608F-4362-A01A-446CAD294B5E}.Release|Any CPU.ActiveCfg = Release|Any CPU
		{E883E0CE-608F-4362-A01A-446CAD294B5E}.Release|Any CPU.Build.0 = Release|Any CPU
		{3FFA32C6-1D16-4545-9CDF-91AE481EE336}.Debug|Any CPU.ActiveCfg = Debug|Any CPU
		{3FFA32C6-1D16-4545-9CDF-91AE481EE336}.Debug|Any CPU.Build.0 = Debug|Any CPU
		{3FFA32C6-1D16-4545-9CDF-91AE481EE336}.Release|Any CPU.ActiveCfg = Release|Any CPU
		{3FFA32C6-1D16-4545-9CDF-91AE481EE336}.Release|Any CPU.Build.0 = Release|Any CPU
		{66D24909-9D92-43A4-93D7-D7320A68F5E5}.Debug|Any CPU.ActiveCfg = Debug|Any CPU
		{66D24909-9D92-43A4-93D7-D7320A68F5E5}.Debug|Any CPU.Build.0 = Debug|Any CPU
		{66D24909-9D92-43A4-93D7-D7320A68F5E5}.Release|Any CPU.ActiveCfg = Release|Any CPU
		{66D24909-9D92-43A4-93D7-D7320A68F5E5}.Release|Any CPU.Build.0 = Release|Any CPU
		{7EE50809-38AE-420A-8A37-424F0F5DD635}.Debug|Any CPU.ActiveCfg = Debug|Any CPU
		{7EE50809-38AE-420A-8A37-424F0F5DD635}.Debug|Any CPU.Build.0 = Debug|Any CPU
		{7EE50809-38AE-420A-8A37-424F0F5DD635}.Release|Any CPU.ActiveCfg = Release|Any CPU
		{7EE50809-38AE-420A-8A37-424F0F5DD635}.Release|Any CPU.Build.0 = Release|Any CPU
		{110465AC-20F5-4A06-A174-2CAED396E558}.Debug|Any CPU.ActiveCfg = Debug|Any CPU
		{110465AC-20F5-4A06-A174-2CAED396E558}.Debug|Any CPU.Build.0 = Debug|Any CPU
		{110465AC-20F5-4A06-A174-2CAED396E558}.Release|Any CPU.ActiveCfg = Release|Any CPU
		{110465AC-20F5-4A06-A174-2CAED396E558}.Release|Any CPU.Build.0 = Release|Any CPU
		{808A765D-6FD3-4167-9BB7-F62F316826E6}.Debug|Any CPU.ActiveCfg = Debug|Any CPU
		{808A765D-6FD3-4167-9BB7-F62F316826E6}.Debug|Any CPU.Build.0 = Debug|Any CPU
		{808A765D-6FD3-4167-9BB7-F62F316826E6}.Release|Any CPU.ActiveCfg = Release|Any CPU
		{808A765D-6FD3-4167-9BB7-F62F316826E6}.Release|Any CPU.Build.0 = Release|Any CPU
		{C836CA00-D6FE-4D79-8761-C021CA3FC578}.Debug|Any CPU.ActiveCfg = Debug|Any CPU
		{C836CA00-D6FE-4D79-8761-C021CA3FC578}.Debug|Any CPU.Build.0 = Debug|Any CPU
		{C836CA00-D6FE-4D79-8761-C021CA3FC578}.Release|Any CPU.ActiveCfg = Release|Any CPU
		{C836CA00-D6FE-4D79-8761-C021CA3FC578}.Release|Any CPU.Build.0 = Release|Any CPU
		{BC9AC9A4-C6F1-44BE-A389-614244E60DBB}.Debug|Any CPU.ActiveCfg = Debug|Any CPU
		{BC9AC9A4-C6F1-44BE-A389-614244E60DBB}.Debug|Any CPU.Build.0 = Debug|Any CPU
		{BC9AC9A4-C6F1-44BE-A389-614244E60DBB}.Release|Any CPU.ActiveCfg = Release|Any CPU
		{BC9AC9A4-C6F1-44BE-A389-614244E60DBB}.Release|Any CPU.Build.0 = Release|Any CPU
		{13DF1F1F-3054-4C5D-952B-DB321C360D00}.Debug|Any CPU.ActiveCfg = Debug|Any CPU
		{13DF1F1F-3054-4C5D-952B-DB321C360D00}.Debug|Any CPU.Build.0 = Debug|Any CPU
		{13DF1F1F-3054-4C5D-952B-DB321C360D00}.Release|Any CPU.ActiveCfg = Release|Any CPU
		{13DF1F1F-3054-4C5D-952B-DB321C360D00}.Release|Any CPU.Build.0 = Release|Any CPU
		{510CE98A-2022-4A26-8851-C9C6739F17CF}.Debug|Any CPU.ActiveCfg = Debug|Any CPU
		{510CE98A-2022-4A26-8851-C9C6739F17CF}.Debug|Any CPU.Build.0 = Debug|Any CPU
		{510CE98A-2022-4A26-8851-C9C6739F17CF}.Release|Any CPU.ActiveCfg = Release|Any CPU
		{510CE98A-2022-4A26-8851-C9C6739F17CF}.Release|Any CPU.Build.0 = Release|Any CPU
		{266D14B7-2C62-44B7-87EA-9F38FF7CA277}.Debug|Any CPU.ActiveCfg = Debug|Any CPU
		{266D14B7-2C62-44B7-87EA-9F38FF7CA277}.Debug|Any CPU.Build.0 = Debug|Any CPU
		{266D14B7-2C62-44B7-87EA-9F38FF7CA277}.Release|Any CPU.ActiveCfg = Release|Any CPU
		{266D14B7-2C62-44B7-87EA-9F38FF7CA277}.Release|Any CPU.Build.0 = Release|Any CPU
		{31269A38-8586-43D2-9740-E34F92D946AF}.Debug|Any CPU.ActiveCfg = Debug|Any CPU
		{31269A38-8586-43D2-9740-E34F92D946AF}.Debug|Any CPU.Build.0 = Debug|Any CPU
		{31269A38-8586-43D2-9740-E34F92D946AF}.Release|Any CPU.ActiveCfg = Debug|Any CPU
		{31269A38-8586-43D2-9740-E34F92D946AF}.Release|Any CPU.Build.0 = Debug|Any CPU
		{E2C0EFA9-9AEA-4313-8DE4-289D6C4E0E5B}.Debug|Any CPU.ActiveCfg = Debug|Any CPU
		{E2C0EFA9-9AEA-4313-8DE4-289D6C4E0E5B}.Debug|Any CPU.Build.0 = Debug|Any CPU
		{E2C0EFA9-9AEA-4313-8DE4-289D6C4E0E5B}.Release|Any CPU.ActiveCfg = Release|Any CPU
		{E2C0EFA9-9AEA-4313-8DE4-289D6C4E0E5B}.Release|Any CPU.Build.0 = Release|Any CPU
		{54A36C70-AE3A-4F63-B77D-9EAD114E33CB}.Debug|Any CPU.ActiveCfg = Debug|Any CPU
		{54A36C70-AE3A-4F63-B77D-9EAD114E33CB}.Debug|Any CPU.Build.0 = Debug|Any CPU
		{54A36C70-AE3A-4F63-B77D-9EAD114E33CB}.Release|Any CPU.ActiveCfg = Release|Any CPU
		{54A36C70-AE3A-4F63-B77D-9EAD114E33CB}.Release|Any CPU.Build.0 = Release|Any CPU
		{C417BCCB-2295-4973-9C52-FAE8116B84FD}.Debug|Any CPU.ActiveCfg = Debug|Any CPU
		{C417BCCB-2295-4973-9C52-FAE8116B84FD}.Debug|Any CPU.Build.0 = Debug|Any CPU
		{C417BCCB-2295-4973-9C52-FAE8116B84FD}.Release|Any CPU.ActiveCfg = Release|Any CPU
		{C417BCCB-2295-4973-9C52-FAE8116B84FD}.Release|Any CPU.Build.0 = Release|Any CPU
		{E382084A-6416-4EFD-B11B-82ACE3E20619}.Debug|Any CPU.ActiveCfg = Debug|Any CPU
		{E382084A-6416-4EFD-B11B-82ACE3E20619}.Debug|Any CPU.Build.0 = Debug|Any CPU
		{E382084A-6416-4EFD-B11B-82ACE3E20619}.Release|Any CPU.ActiveCfg = Release|Any CPU
		{E382084A-6416-4EFD-B11B-82ACE3E20619}.Release|Any CPU.Build.0 = Release|Any CPU
		{F89A0B2C-DAB6-4AE0-BFCB-0FDDD36B850D}.Debug|Any CPU.ActiveCfg = Debug|Any CPU
		{F89A0B2C-DAB6-4AE0-BFCB-0FDDD36B850D}.Debug|Any CPU.Build.0 = Debug|Any CPU
		{F89A0B2C-DAB6-4AE0-BFCB-0FDDD36B850D}.Release|Any CPU.ActiveCfg = Release|Any CPU
		{F89A0B2C-DAB6-4AE0-BFCB-0FDDD36B850D}.Release|Any CPU.Build.0 = Release|Any CPU
		{A48024FE-5D51-4705-99B7-E5F051518C88}.Debug|Any CPU.ActiveCfg = Debug|Any CPU
		{A48024FE-5D51-4705-99B7-E5F051518C88}.Debug|Any CPU.Build.0 = Debug|Any CPU
		{A48024FE-5D51-4705-99B7-E5F051518C88}.Release|Any CPU.ActiveCfg = Release|Any CPU
		{A48024FE-5D51-4705-99B7-E5F051518C88}.Release|Any CPU.Build.0 = Release|Any CPU
		{B366C726-8920-4168-8656-64DE7723AF89}.Debug|Any CPU.ActiveCfg = Debug|Any CPU
		{B366C726-8920-4168-8656-64DE7723AF89}.Debug|Any CPU.Build.0 = Debug|Any CPU
		{B366C726-8920-4168-8656-64DE7723AF89}.Release|Any CPU.ActiveCfg = Release|Any CPU
		{B366C726-8920-4168-8656-64DE7723AF89}.Release|Any CPU.Build.0 = Release|Any CPU
		{B2081F14-3402-471D-B1C0-4393444D92C6}.Debug|Any CPU.ActiveCfg = Debug|Any CPU
		{B2081F14-3402-471D-B1C0-4393444D92C6}.Debug|Any CPU.Build.0 = Debug|Any CPU
		{B2081F14-3402-471D-B1C0-4393444D92C6}.Release|Any CPU.ActiveCfg = Release|Any CPU
		{B2081F14-3402-471D-B1C0-4393444D92C6}.Release|Any CPU.Build.0 = Release|Any CPU
	EndGlobalSection
	GlobalSection(SolutionProperties) = preSolution
		HideSolutionNode = FALSE
	EndGlobalSection
	GlobalSection(NestedProjects) = preSolution
		{585DF517-D420-41C0-AA75-7FCB7C69B167} = {F1CE7FF9-BF7F-48F8-9C3B-67993120685B}
		{BA7087EA-9711-4755-826F-F139BC81CA5B} = {A71487FA-F38C-403B-B1BF-C1C78AAD3E72}
		{A71487FA-F38C-403B-B1BF-C1C78AAD3E72} = {62C900E5-9EAC-4B52-81C5-D9B1A217105B}
		{CE13A4BC-AE92-4643-BEE5-3877274EE3EC} = {A71487FA-F38C-403B-B1BF-C1C78AAD3E72}
		{D6E25CB0-238D-41AE-98CA-3F59593B6886} = {59C59ADE-BDB5-4C9C-841F-DD73DCCF080E}
		{3A15C0BC-0D19-46BC-B36C-E689A912ED4A} = {62C900E5-9EAC-4B52-81C5-D9B1A217105B}
		{012E994E-28E7-49FF-B9D5-266E5D225941} = {4F98F287-2D40-410D-86A2-CE76E31D5426}
		{E6B90F50-9132-441F-8BFC-71CE6DE7AA4B} = {F1CE7FF9-BF7F-48F8-9C3B-67993120685B}
		{74BD9A60-1AB4-433E-9A3D-032E0FF0D70E} = {62C900E5-9EAC-4B52-81C5-D9B1A217105B}
		{6267BF35-F0F9-4CCC-86B9-BE26157DF6FC} = {62C900E5-9EAC-4B52-81C5-D9B1A217105B}
		{05B8AF58-147E-4FC3-A2A1-6F9586F60870} = {62C900E5-9EAC-4B52-81C5-D9B1A217105B}
		{28C5144B-A7ED-41B1-ADC2-772EB0D7E8C9} = {59C59ADE-BDB5-4C9C-841F-DD73DCCF080E}
		{1A48E157-10C2-4DE1-B9F7-A82B0DC769FD} = {59C59ADE-BDB5-4C9C-841F-DD73DCCF080E}
		{EFEF620B-BA92-46C3-8653-808574532468} = {59C59ADE-BDB5-4C9C-841F-DD73DCCF080E}
		{47E792B0-4040-4658-A93D-83201C219434} = {59C59ADE-BDB5-4C9C-841F-DD73DCCF080E}
		{6B7BF2C8-40D0-48E8-9DA8-BA230B4B891D} = {59C59ADE-BDB5-4C9C-841F-DD73DCCF080E}
		{522E4CD8-5680-4306-9DC6-4D26F388A775} = {59C59ADE-BDB5-4C9C-841F-DD73DCCF080E}
		{4C61D4F0-DEE1-47A5-BD48-9A0E9A40974B} = {59C59ADE-BDB5-4C9C-841F-DD73DCCF080E}
		{61D6C235-D7B4-46C2-BF69-7C96E842321A} = {7C3E849A-984B-44B9-9FF2-A3DB1B0F047E}
		{4399B36F-DB09-4CA8-A82D-5A0983CC93E0} = {3157391C-358A-4459-A03E-7DC0BBB50EE5}
		{3E34DFE1-7976-43ED-9D3E-00CDC4856DA5} = {62C900E5-9EAC-4B52-81C5-D9B1A217105B}
		{2834CFFB-5494-4F14-8739-FB7D34AB9813} = {0CB6F47D-3219-4030-98DC-002C2956E838}
		{F32E1B36-FD11-4E12-B463-064AB5A18825} = {62C900E5-9EAC-4B52-81C5-D9B1A217105B}
		{E883E0CE-608F-4362-A01A-446CAD294B5E} = {4F98F287-2D40-410D-86A2-CE76E31D5426}
		{3FFA32C6-1D16-4545-9CDF-91AE481EE336} = {4F98F287-2D40-410D-86A2-CE76E31D5426}
		{66D24909-9D92-43A4-93D7-D7320A68F5E5} = {59C59ADE-BDB5-4C9C-841F-DD73DCCF080E}
		{7EE50809-38AE-420A-8A37-424F0F5DD635} = {0CB6F47D-3219-4030-98DC-002C2956E838}
		{110465AC-20F5-4A06-A174-2CAED396E558} = {A71487FA-F38C-403B-B1BF-C1C78AAD3E72}
		{808A765D-6FD3-4167-9BB7-F62F316826E6} = {0CB6F47D-3219-4030-98DC-002C2956E838}
		{F1CE7FF9-BF7F-48F8-9C3B-67993120685B} = {59C59ADE-BDB5-4C9C-841F-DD73DCCF080E}
		{C836CA00-D6FE-4D79-8761-C021CA3FC578} = {59C59ADE-BDB5-4C9C-841F-DD73DCCF080E}
		{BC9AC9A4-C6F1-44BE-A389-614244E60DBB} = {0CB6F47D-3219-4030-98DC-002C2956E838}
		{13DF1F1F-3054-4C5D-952B-DB321C360D00} = {59C59ADE-BDB5-4C9C-841F-DD73DCCF080E}
		{510CE98A-2022-4A26-8851-C9C6739F17CF} = {59C59ADE-BDB5-4C9C-841F-DD73DCCF080E}
		{266D14B7-2C62-44B7-87EA-9F38FF7CA277} = {59C59ADE-BDB5-4C9C-841F-DD73DCCF080E}
		{31269A38-8586-43D2-9740-E34F92D946AF} = {C57FD580-AF78-4772-AFD9-423C3B0DD5A6}
		{E2C0EFA9-9AEA-4313-8DE4-289D6C4E0E5B} = {0CB6F47D-3219-4030-98DC-002C2956E838}
		{54A36C70-AE3A-4F63-B77D-9EAD114E33CB} = {F1CE7FF9-BF7F-48F8-9C3B-67993120685B}
		{C417BCCB-2295-4973-9C52-FAE8116B84FD} = {F1CE7FF9-BF7F-48F8-9C3B-67993120685B}
		{E382084A-6416-4EFD-B11B-82ACE3E20619} = {59C59ADE-BDB5-4C9C-841F-DD73DCCF080E}
		{F89A0B2C-DAB6-4AE0-BFCB-0FDDD36B850D} = {62C900E5-9EAC-4B52-81C5-D9B1A217105B}
		{A48024FE-5D51-4705-99B7-E5F051518C88} = {0CB6F47D-3219-4030-98DC-002C2956E838}
		{B366C726-8920-4168-8656-64DE7723AF89} = {D0C58754-0AE5-4FEC-9700-45F5143C5998}
		{B2081F14-3402-471D-B1C0-4393444D92C6} = {0CB6F47D-3219-4030-98DC-002C2956E838}
	EndGlobalSection
	GlobalSection(ExtensibilityGlobals) = postSolution
		SolutionGuid = {0BCE1AE6-CC47-4D9B-A743-600F2FB1E9B9}
	EndGlobalSection
EndGlobal
